// !$*UTF8*$!
{
	archiveVersion = 1;
	classes = {
	};
	objectVersion = 46;
	objects = {

/* Begin PBXBuildFile section */
		7CD945EAB881FD2288E6FE7F /* libPods-CDYL.a in Frameworks */ = {isa = PBXBuildFile; fileRef = E3B48407BCB546847CE696A5 /* libPods-CDYL.a */; };
		84018D6C20E07B12005B16BF /* CDRechangeCth.m in Sources */ = {isa = PBXBuildFile; fileRef = 84018D6B20E07B12005B16BF /* CDRechangeCth.m */; };
		84018D6F20E08764005B16BF /* CDPayCell.m in Sources */ = {isa = PBXBuildFile; fileRef = 84018D6E20E08764005B16BF /* CDPayCell.m */; };
		84018D7220E0B34E005B16BF /* CDPayView.m in Sources */ = {isa = PBXBuildFile; fileRef = 84018D7120E0B34E005B16BF /* CDPayView.m */; };
		8414D0CB20DB7D440017B957 /* CDAppointmentOrderCth.m in Sources */ = {isa = PBXBuildFile; fileRef = 8414D0CA20DB7D440017B957 /* CDAppointmentOrderCth.m */; };
		8414D0CE20DB7D610017B957 /* CDShowChangeCth.m in Sources */ = {isa = PBXBuildFile; fileRef = 8414D0CD20DB7D610017B957 /* CDShowChangeCth.m */; };
		8414D0D120DB7D910017B957 /* CDWaitPayCth.m in Sources */ = {isa = PBXBuildFile; fileRef = 8414D0D020DB7D910017B957 /* CDWaitPayCth.m */; };
		8414D0D420DB85C10017B957 /* CDTopLabel.m in Sources */ = {isa = PBXBuildFile; fileRef = 8414D0D320DB85C10017B957 /* CDTopLabel.m */; };
		8414D0D720DCA5BD0017B957 /* CDOrderView.m in Sources */ = {isa = PBXBuildFile; fileRef = 8414D0D620DCA5BD0017B957 /* CDOrderView.m */; };
		8414D0D920DCA5DF0017B957 /* CDOrderView.xib in Resources */ = {isa = PBXBuildFile; fileRef = 8414D0D820DCA5DF0017B957 /* CDOrderView.xib */; };
		8415097120D38DB6003082DD /* CDBaseSqlite.m in Sources */ = {isa = PBXBuildFile; fileRef = 8415097020D38DB6003082DD /* CDBaseSqlite.m */; };
		8415097420D3A15A003082DD /* CDMessageCell.m in Sources */ = {isa = PBXBuildFile; fileRef = 8415097320D3A15A003082DD /* CDMessageCell.m */; };
		8425A9D320D8A63000CE053B /* CDBespeakTableViewCell.m in Sources */ = {isa = PBXBuildFile; fileRef = 8425A9D220D8A63000CE053B /* CDBespeakTableViewCell.m */; };
		8425A9D620D8D2AA00CE053B /* CDRowCell.m in Sources */ = {isa = PBXBuildFile; fileRef = 8425A9D520D8D2AA00CE053B /* CDRowCell.m */; };
		8425A9DB20D8E81A00CE053B /* HSDatePickerViewController.m in Sources */ = {isa = PBXBuildFile; fileRef = 8425A9D920D8E81900CE053B /* HSDatePickerViewController.m */; };
		8425A9DC20D8E81A00CE053B /* HSDatePickerViewController.xib in Resources */ = {isa = PBXBuildFile; fileRef = 8425A9DA20D8E81900CE053B /* HSDatePickerViewController.xib */; };
		8425A9DF20D8F2B600CE053B /* CDPoleSettingCth.m in Sources */ = {isa = PBXBuildFile; fileRef = 8425A9DE20D8F2B600CE053B /* CDPoleSettingCth.m */; };
		842D071A20AEB822009B7A4A /* Images.xcassets in Resources */ = {isa = PBXBuildFile; fileRef = 842D071920AEB822009B7A4A /* Images.xcassets */; };
		843146FB1EE109FE00E41BBD /* Assets.xcassets in Resources */ = {isa = PBXBuildFile; fileRef = 843146FA1EE109FE00E41BBD /* Assets.xcassets */; };
		843146FE1EE109FE00E41BBD /* LaunchScreen.storyboard in Resources */ = {isa = PBXBuildFile; fileRef = 843146FC1EE109FE00E41BBD /* LaunchScreen.storyboard */; };
		84600BD020D2758200E73D64 /* CDAppDelegate.m in Sources */ = {isa = PBXBuildFile; fileRef = 84ADAF7A20870AE300555B27 /* CDAppDelegate.m */; };
		84600BD120D2758200E73D64 /* Const.m in Sources */ = {isa = PBXBuildFile; fileRef = 84E429E32074B7A6001AE931 /* Const.m */; };
		84600BD220D2758200E73D64 /* CDNav.m in Sources */ = {isa = PBXBuildFile; fileRef = 843147261EE111FD00E41BBD /* CDNav.m */; };
		84600BD320D2758200E73D64 /* CDTabbarCtl.m in Sources */ = {isa = PBXBuildFile; fileRef = 843147291EE1123500E41BBD /* CDTabbarCtl.m */; };
		84600BD420D2758200E73D64 /* CDTabbar.m in Sources */ = {isa = PBXBuildFile; fileRef = 8431473F1EE1178700E41BBD /* CDTabbar.m */; };
		84600BD520D2758200E73D64 /* CDBaseViewController.m in Sources */ = {isa = PBXBuildFile; fileRef = 84233AE520736C01007D1E09 /* CDBaseViewController.m */; };
		84600BD620D2758200E73D64 /* CDWebRequest.m in Sources */ = {isa = PBXBuildFile; fileRef = 84E429E62074CAA0001AE931 /* CDWebRequest.m */; };
		84600BD720D2758200E73D64 /* CDAFNetLine.m in Sources */ = {isa = PBXBuildFile; fileRef = 84E429E92074CB6C001AE931 /* CDAFNetLine.m */; };
		84600BD820D2758200E73D64 /* CDXML.m in Sources */ = {isa = PBXBuildFile; fileRef = 848B6B092079BE1200ED46E3 /* CDXML.m */; };
		84600BD920D2758200E73D64 /* CDStation.m in Sources */ = {isa = PBXBuildFile; fileRef = 848B6B0C2079ED8B00ED46E3 /* CDStation.m */; };
		84600BDA20D2758200E73D64 /* CDPoliList.m in Sources */ = {isa = PBXBuildFile; fileRef = 848B6B0F2079F15D00ED46E3 /* CDPoliList.m */; };
		84600BDB20D2758200E73D64 /* CDUserInfor.m in Sources */ = {isa = PBXBuildFile; fileRef = 84A6BB4E20808D7200131835 /* CDUserInfor.m */; };
		84600BDD20D2758200E73D64 /* CDMoneyCardInfor.m in Sources */ = {isa = PBXBuildFile; fileRef = 84EB00E620B2ADAC00997781 /* CDMoneyCardInfor.m */; };
		84600BDE20D2758200E73D64 /* NSFileManager+CDFilePath.m in Sources */ = {isa = PBXBuildFile; fileRef = 84B51A5A2090696F00333A2A /* NSFileManager+CDFilePath.m */; };
		84600BDF20D2758200E73D64 /* Global.m in Sources */ = {isa = PBXBuildFile; fileRef = 84228521207DF9720078139F /* Global.m */; };
		84600BE020D2758200E73D64 /* StyleDIY.m in Sources */ = {isa = PBXBuildFile; fileRef = 84228525207DF9C10078139F /* StyleDIY.m */; };
		84600BE120D2758200E73D64 /* CDMapViewController.m in Sources */ = {isa = PBXBuildFile; fileRef = 8431472C1EE1160200E41BBD /* CDMapViewController.m */; };
		84600BE220D2758200E73D64 /* CDLocationViewController.m in Sources */ = {isa = PBXBuildFile; fileRef = 84A1226220A43E59003AB2F1 /* CDLocationViewController.m */; };
		84600BE320D2758200E73D64 /* CDPoleViewController.m in Sources */ = {isa = PBXBuildFile; fileRef = 847E46A920A92EC400675762 /* CDPoleViewController.m */; };
		84600BE420D2758200E73D64 /* CDCompanyShow.m in Sources */ = {isa = PBXBuildFile; fileRef = 8480BE9920ABFEE600A992EF /* CDCompanyShow.m */; };
		84600BE520D2758200E73D64 /* CDPointAnnotation.m in Sources */ = {isa = PBXBuildFile; fileRef = 8422850E207B40430078139F /* CDPointAnnotation.m */; };
		84600BE620D2758200E73D64 /* CDUserLocation.m in Sources */ = {isa = PBXBuildFile; fileRef = 84A7CBEB20B5503F003E0879 /* CDUserLocation.m */; };
		84600BE720D2758200E73D64 /* LocationAnnotationView.m in Sources */ = {isa = PBXBuildFile; fileRef = 848B6B11207A123500ED46E3 /* LocationAnnotationView.m */; };
		84600BE820D2758200E73D64 /* AliMapViewCustomAnnotationView.m in Sources */ = {isa = PBXBuildFile; fileRef = 84228507207B04030078139F /* AliMapViewCustomAnnotationView.m */; };
		84600BE920D2758200E73D64 /* AliMapViewCustomCalloutView.m in Sources */ = {isa = PBXBuildFile; fileRef = 8422850B207B356C0078139F /* AliMapViewCustomCalloutView.m */; };
		84600BEA20D2758200E73D64 /* CDShowCell.m in Sources */ = {isa = PBXBuildFile; fileRef = 84D3652C20A52A1300E9063E /* CDShowCell.m */; };
		84600BEB20D2758200E73D64 /* CDPoleCell.m in Sources */ = {isa = PBXBuildFile; fileRef = 847E46AC20A9353800675762 /* CDPoleCell.m */; };
		84600BEC20D2758200E73D64 /* LSXView.m in Sources */ = {isa = PBXBuildFile; fileRef = 8480BE9420ABFE1300A992EF /* LSXView.m */; };
		84600BED20D2758200E73D64 /* CDoderViewController.m in Sources */ = {isa = PBXBuildFile; fileRef = 8431472F1EE1162A00E41BBD /* CDoderViewController.m */; };
		84600BEE20D2758200E73D64 /* CDchargeViewController.m in Sources */ = {isa = PBXBuildFile; fileRef = 843147321EE1165D00E41BBD /* CDchargeViewController.m */; };
		84600BEF20D2758200E73D64 /* CDscanViewController.m in Sources */ = {isa = PBXBuildFile; fileRef = 843147351EE1167500E41BBD /* CDscanViewController.m */; };
		84600BF020D2758200E73D64 /* LBXAlertAction.m in Sources */ = {isa = PBXBuildFile; fileRef = 84228515207DEEAD0078139F /* LBXAlertAction.m */; };
		84600BF120D2758200E73D64 /* UIAlertView+LBXAlertAction.m in Sources */ = {isa = PBXBuildFile; fileRef = 8422851E207DF0E00078139F /* UIAlertView+LBXAlertAction.m */; };
		84600BF220D2758200E73D64 /* UIActionSheet+LBXAlertAction.m in Sources */ = {isa = PBXBuildFile; fileRef = 84228519207DF08B0078139F /* UIActionSheet+LBXAlertAction.m */; };
		84600BF320D2758200E73D64 /* UIWindow+LBXHierarchy.m in Sources */ = {isa = PBXBuildFile; fileRef = 8422851B207DF08C0078139F /* UIWindow+LBXHierarchy.m */; };
		84600BF420D2758200E73D64 /* CDMineViewController.m in Sources */ = {isa = PBXBuildFile; fileRef = 84A7CBE220B4FEBF003E0879 /* CDMineViewController.m */; };
		84600BF520D2758200E73D64 /* CDHeaderController.m in Sources */ = {isa = PBXBuildFile; fileRef = 84B51A4E208EC4FA00333A2A /* CDHeaderController.m */; };
		84600BF620D2758200E73D64 /* CDHeadimageViewController.m in Sources */ = {isa = PBXBuildFile; fileRef = 84B51A57208F198100333A2A /* CDHeadimageViewController.m */; };
		84600BF720D2758200E73D64 /* CDChangeStrController.m in Sources */ = {isa = PBXBuildFile; fileRef = 84FC4E47209174640060ED91 /* CDChangeStrController.m */; };
		84600BF820D2758200E73D64 /* CDMoneyCardController.m in Sources */ = {isa = PBXBuildFile; fileRef = 84EB00E020B2744700997781 /* CDMoneyCardController.m */; };
		84600BF920D2758200E73D64 /* CDMessageCth.m in Sources */ = {isa = PBXBuildFile; fileRef = 84600B7C20D2270500E73D64 /* CDMessageCth.m */; };
		84600BFA20D2758200E73D64 /* CDOneCardCth.m in Sources */ = {isa = PBXBuildFile; fileRef = 844BDB6E20BBE8D30025DED0 /* CDOneCardCth.m */; };
		84600BFB20D2758200E73D64 /* CDDetailViewController.m in Sources */ = {isa = PBXBuildFile; fileRef = 8426928B20C635FA0060B9D4 /* CDDetailViewController.m */; };
		84600BFC20D2758200E73D64 /* CDConsumeCth.m in Sources */ = {isa = PBXBuildFile; fileRef = 8481522220CE68EA003264A1 /* CDConsumeCth.m */; };
		84600BFD20D2758200E73D64 /* CDCellModel.m in Sources */ = {isa = PBXBuildFile; fileRef = 8426929120C680F10060B9D4 /* CDCellModel.m */; };
		84600BFE20D2758200E73D64 /* MsgCellFrame.m in Sources */ = {isa = PBXBuildFile; fileRef = 84600B7F20D256B200E73D64 /* MsgCellFrame.m */; };
		84600BFF20D2758200E73D64 /* UserMessage.m in Sources */ = {isa = PBXBuildFile; fileRef = 84600B7920D1057700E73D64 /* UserMessage.m */; };
		84600C0020D2758200E73D64 /* CDMessage.m in Sources */ = {isa = PBXBuildFile; fileRef = 84600B7620D1032C00E73D64 /* CDMessage.m */; };
		84600C0120D2758200E73D64 /* CDBigTwoCell.m in Sources */ = {isa = PBXBuildFile; fileRef = 84B51A51208EC6EB00333A2A /* CDBigTwoCell.m */; };
		84600C0220D2758200E73D64 /* CDSmallTwoCell.m in Sources */ = {isa = PBXBuildFile; fileRef = 84B51A54208EC70F00333A2A /* CDSmallTwoCell.m */; };
		84600C0320D2758200E73D64 /* CDMoneyCard.m in Sources */ = {isa = PBXBuildFile; fileRef = 84EB00E320B2AC9B00997781 /* CDMoneyCard.m */; };
		84600C0420D2758200E73D64 /* CDHeadView.m in Sources */ = {isa = PBXBuildFile; fileRef = 84A7CBE520B50489003E0879 /* CDHeadView.m */; };
		84600C0520D2758200E73D64 /* CDCellView.m in Sources */ = {isa = PBXBuildFile; fileRef = 84A7CBE820B511FF003E0879 /* CDCellView.m */; };
		84600C0620D2758200E73D64 /* CDcell.m in Sources */ = {isa = PBXBuildFile; fileRef = 844BDB7120BBF0690025DED0 /* CDcell.m */; };
		84600C0720D2758200E73D64 /* CDClipView.m in Sources */ = {isa = PBXBuildFile; fileRef = 84E91DFF20C1387C00F95DDE /* CDClipView.m */; };
		84600C0820D2758200E73D64 /* UIImage+CDResize.m in Sources */ = {isa = PBXBuildFile; fileRef = 8426929720C9061E0060B9D4 /* UIImage+CDResize.m */; };
		84600C0920D2758200E73D64 /* CDchargeCell.m in Sources */ = {isa = PBXBuildFile; fileRef = 8426928E20C674590060B9D4 /* CDchargeCell.m */; };
		84600C0A20D2758200E73D64 /* CDBgVIew.m in Sources */ = {isa = PBXBuildFile; fileRef = 8426929420C7C5080060B9D4 /* CDBgVIew.m */; };
		84600C0B20D2758200E73D64 /* CDViewController.m in Sources */ = {isa = PBXBuildFile; fileRef = 84228511207C8FC90078139F /* CDViewController.m */; };
		84600C0C20D2758200E73D64 /* CDLoginViewController.m in Sources */ = {isa = PBXBuildFile; fileRef = 849048E920943ECF00F4FC87 /* CDLoginViewController.m */; };
		84600C0D20D2758200E73D64 /* CDReViewController.m in Sources */ = {isa = PBXBuildFile; fileRef = 84ACCB4020A29DEE0004D514 /* CDReViewController.m */; };
		84600C0E20D2758200E73D64 /* CDCodeViewController.m in Sources */ = {isa = PBXBuildFile; fileRef = 84302B1B20996AB600D29C8B /* CDCodeViewController.m */; };
		84600C0F20D2758200E73D64 /* CDLoginView.m in Sources */ = {isa = PBXBuildFile; fileRef = 849048EE209442AF00F4FC87 /* CDLoginView.m */; };
		84600C1020D2758200E73D64 /* CDBarView.m in Sources */ = {isa = PBXBuildFile; fileRef = 84F865D620B8037A00E800E1 /* CDBarView.m */; };
		84600C1120D2758200E73D64 /* GPSNaviViewController.m in Sources */ = {isa = PBXBuildFile; fileRef = 8480BE8920AA71FC00A992EF /* GPSNaviViewController.m */; };
		84600C1220D2758200E73D64 /* SpeechSynthesizer.m in Sources */ = {isa = PBXBuildFile; fileRef = 8480BE8B20AA72BE00A992EF /* SpeechSynthesizer.m */; };
		84600C1320D2758200E73D64 /* main.m in Sources */ = {isa = PBXBuildFile; fileRef = 84ADAF7C20870C5B00555B27 /* main.m */; };
		84600C1420D2758200E73D64 /* UIView+PYExtension.m in Sources */ = {isa = PBXBuildFile; fileRef = 848B6B062079BC3A00ED46E3 /* UIView+PYExtension.m */; };
		84600C1520D2758200E73D64 /* XMLReader.m in Sources */ = {isa = PBXBuildFile; fileRef = 848B6B012079BBE800ED46E3 /* XMLReader.m */; };
		8480BE9620ABFE1300A992EF /* LSXView.xib in Resources */ = {isa = PBXBuildFile; fileRef = 8480BE9320ABFE1200A992EF /* LSXView.xib */; };
		848B6B022079BBE800ED46E3 /* README.md in Resources */ = {isa = PBXBuildFile; fileRef = 848B6AFF2079BBE800ED46E3 /* README.md */; };
/* End PBXBuildFile section */

/* Begin PBXFileReference section */
		809684D8F75C0F5EC0ABBAB5 /* Pods-CDYL.release.xcconfig */ = {isa = PBXFileReference; includeInIndex = 1; lastKnownFileType = text.xcconfig; name = "Pods-CDYL.release.xcconfig"; path = "Pods/Target Support Files/Pods-CDYL/Pods-CDYL.release.xcconfig"; sourceTree = "<group>"; };
		84018D6A20E07B12005B16BF /* CDRechangeCth.h */ = {isa = PBXFileReference; lastKnownFileType = sourcecode.c.h; path = CDRechangeCth.h; sourceTree = "<group>"; };
		84018D6B20E07B12005B16BF /* CDRechangeCth.m */ = {isa = PBXFileReference; lastKnownFileType = sourcecode.c.objc; path = CDRechangeCth.m; sourceTree = "<group>"; };
		84018D6D20E08764005B16BF /* CDPayCell.h */ = {isa = PBXFileReference; lastKnownFileType = sourcecode.c.h; path = CDPayCell.h; sourceTree = "<group>"; };
		84018D6E20E08764005B16BF /* CDPayCell.m */ = {isa = PBXFileReference; lastKnownFileType = sourcecode.c.objc; path = CDPayCell.m; sourceTree = "<group>"; };
		84018D7020E0B34E005B16BF /* CDPayView.h */ = {isa = PBXFileReference; lastKnownFileType = sourcecode.c.h; path = CDPayView.h; sourceTree = "<group>"; };
		84018D7120E0B34E005B16BF /* CDPayView.m */ = {isa = PBXFileReference; lastKnownFileType = sourcecode.c.objc; path = CDPayView.m; sourceTree = "<group>"; };
		8414D0C920DB7D440017B957 /* CDAppointmentOrderCth.h */ = {isa = PBXFileReference; lastKnownFileType = sourcecode.c.h; path = CDAppointmentOrderCth.h; sourceTree = "<group>"; };
		8414D0CA20DB7D440017B957 /* CDAppointmentOrderCth.m */ = {isa = PBXFileReference; lastKnownFileType = sourcecode.c.objc; path = CDAppointmentOrderCth.m; sourceTree = "<group>"; };
		8414D0CC20DB7D610017B957 /* CDShowChangeCth.h */ = {isa = PBXFileReference; lastKnownFileType = sourcecode.c.h; path = CDShowChangeCth.h; sourceTree = "<group>"; };
		8414D0CD20DB7D610017B957 /* CDShowChangeCth.m */ = {isa = PBXFileReference; lastKnownFileType = sourcecode.c.objc; path = CDShowChangeCth.m; sourceTree = "<group>"; };
		8414D0CF20DB7D910017B957 /* CDWaitPayCth.h */ = {isa = PBXFileReference; lastKnownFileType = sourcecode.c.h; path = CDWaitPayCth.h; sourceTree = "<group>"; };
		8414D0D020DB7D910017B957 /* CDWaitPayCth.m */ = {isa = PBXFileReference; lastKnownFileType = sourcecode.c.objc; path = CDWaitPayCth.m; sourceTree = "<group>"; };
		8414D0D220DB85C10017B957 /* CDTopLabel.h */ = {isa = PBXFileReference; lastKnownFileType = sourcecode.c.h; path = CDTopLabel.h; sourceTree = "<group>"; };
		8414D0D320DB85C10017B957 /* CDTopLabel.m */ = {isa = PBXFileReference; lastKnownFileType = sourcecode.c.objc; path = CDTopLabel.m; sourceTree = "<group>"; };
		8414D0D520DCA5BD0017B957 /* CDOrderView.h */ = {isa = PBXFileReference; lastKnownFileType = sourcecode.c.h; path = CDOrderView.h; sourceTree = "<group>"; };
		8414D0D620DCA5BD0017B957 /* CDOrderView.m */ = {isa = PBXFileReference; lastKnownFileType = sourcecode.c.objc; path = CDOrderView.m; sourceTree = "<group>"; };
		8414D0D820DCA5DF0017B957 /* CDOrderView.xib */ = {isa = PBXFileReference; lastKnownFileType = file.xib; path = CDOrderView.xib; sourceTree = "<group>"; };
		8415096F20D38DB6003082DD /* CDBaseSqlite.h */ = {isa = PBXFileReference; lastKnownFileType = sourcecode.c.h; path = CDBaseSqlite.h; sourceTree = "<group>"; };
		8415097020D38DB6003082DD /* CDBaseSqlite.m */ = {isa = PBXFileReference; lastKnownFileType = sourcecode.c.objc; path = CDBaseSqlite.m; sourceTree = "<group>"; };
		8415097220D3A15A003082DD /* CDMessageCell.h */ = {isa = PBXFileReference; lastKnownFileType = sourcecode.c.h; path = CDMessageCell.h; sourceTree = "<group>"; };
		8415097320D3A15A003082DD /* CDMessageCell.m */ = {isa = PBXFileReference; lastKnownFileType = sourcecode.c.objc; path = CDMessageCell.m; sourceTree = "<group>"; };
		84228507207B04030078139F /* AliMapViewCustomAnnotationView.m */ = {isa = PBXFileReference; fileEncoding = 4; lastKnownFileType = sourcecode.c.objc; path = AliMapViewCustomAnnotationView.m; sourceTree = "<group>"; };
		84228508207B04030078139F /* AliMapViewCustomAnnotationView.h */ = {isa = PBXFileReference; fileEncoding = 4; lastKnownFileType = sourcecode.c.h; path = AliMapViewCustomAnnotationView.h; sourceTree = "<group>"; };
		8422850A207B356C0078139F /* AliMapViewCustomCalloutView.h */ = {isa = PBXFileReference; fileEncoding = 4; lastKnownFileType = sourcecode.c.h; path = AliMapViewCustomCalloutView.h; sourceTree = "<group>"; };
		8422850B207B356C0078139F /* AliMapViewCustomCalloutView.m */ = {isa = PBXFileReference; fileEncoding = 4; lastKnownFileType = sourcecode.c.objc; path = AliMapViewCustomCalloutView.m; sourceTree = "<group>"; };
		8422850D207B40430078139F /* CDPointAnnotation.h */ = {isa = PBXFileReference; lastKnownFileType = sourcecode.c.h; path = CDPointAnnotation.h; sourceTree = "<group>"; };
		8422850E207B40430078139F /* CDPointAnnotation.m */ = {isa = PBXFileReference; lastKnownFileType = sourcecode.c.objc; path = CDPointAnnotation.m; sourceTree = "<group>"; };
		84228510207C8FC90078139F /* CDViewController.h */ = {isa = PBXFileReference; lastKnownFileType = sourcecode.c.h; path = CDViewController.h; sourceTree = "<group>"; };
		84228511207C8FC90078139F /* CDViewController.m */ = {isa = PBXFileReference; lastKnownFileType = sourcecode.c.objc; path = CDViewController.m; sourceTree = "<group>"; };
		84228515207DEEAD0078139F /* LBXAlertAction.m */ = {isa = PBXFileReference; fileEncoding = 4; lastKnownFileType = sourcecode.c.objc; path = LBXAlertAction.m; sourceTree = "<group>"; };
		84228516207DEEAE0078139F /* LBXAlertAction.h */ = {isa = PBXFileReference; fileEncoding = 4; lastKnownFileType = sourcecode.c.h; path = LBXAlertAction.h; sourceTree = "<group>"; };
		84228518207DF08B0078139F /* UIWindow+LBXHierarchy.h */ = {isa = PBXFileReference; fileEncoding = 4; lastKnownFileType = sourcecode.c.h; path = "UIWindow+LBXHierarchy.h"; sourceTree = "<group>"; };
		84228519207DF08B0078139F /* UIActionSheet+LBXAlertAction.m */ = {isa = PBXFileReference; fileEncoding = 4; lastKnownFileType = sourcecode.c.objc; path = "UIActionSheet+LBXAlertAction.m"; sourceTree = "<group>"; };
		8422851A207DF08B0078139F /* UIActionSheet+LBXAlertAction.h */ = {isa = PBXFileReference; fileEncoding = 4; lastKnownFileType = sourcecode.c.h; path = "UIActionSheet+LBXAlertAction.h"; sourceTree = "<group>"; };
		8422851B207DF08C0078139F /* UIWindow+LBXHierarchy.m */ = {isa = PBXFileReference; fileEncoding = 4; lastKnownFileType = sourcecode.c.objc; path = "UIWindow+LBXHierarchy.m"; sourceTree = "<group>"; };
		8422851E207DF0E00078139F /* UIAlertView+LBXAlertAction.m */ = {isa = PBXFileReference; fileEncoding = 4; lastKnownFileType = sourcecode.c.objc; path = "UIAlertView+LBXAlertAction.m"; sourceTree = "<group>"; };
		8422851F207DF0E10078139F /* UIAlertView+LBXAlertAction.h */ = {isa = PBXFileReference; fileEncoding = 4; lastKnownFileType = sourcecode.c.h; path = "UIAlertView+LBXAlertAction.h"; sourceTree = "<group>"; };
		84228521207DF9720078139F /* Global.m */ = {isa = PBXFileReference; fileEncoding = 4; lastKnownFileType = sourcecode.c.objc; path = Global.m; sourceTree = "<group>"; };
		84228522207DF9730078139F /* Global.h */ = {isa = PBXFileReference; fileEncoding = 4; lastKnownFileType = sourcecode.c.h; path = Global.h; sourceTree = "<group>"; };
		84228524207DF9C10078139F /* StyleDIY.h */ = {isa = PBXFileReference; fileEncoding = 4; lastKnownFileType = sourcecode.c.h; path = StyleDIY.h; sourceTree = "<group>"; };
		84228525207DF9C10078139F /* StyleDIY.m */ = {isa = PBXFileReference; fileEncoding = 4; lastKnownFileType = sourcecode.c.objc; path = StyleDIY.m; sourceTree = "<group>"; };
		84233AE420736C01007D1E09 /* CDBaseViewController.h */ = {isa = PBXFileReference; lastKnownFileType = sourcecode.c.h; path = CDBaseViewController.h; sourceTree = "<group>"; };
		84233AE520736C01007D1E09 /* CDBaseViewController.m */ = {isa = PBXFileReference; lastKnownFileType = sourcecode.c.objc; path = CDBaseViewController.m; sourceTree = "<group>"; };
		84233AE820736FE5007D1E09 /* PrefixHeader.pch */ = {isa = PBXFileReference; lastKnownFileType = sourcecode.c.h; path = PrefixHeader.pch; sourceTree = "<group>"; };
		8425A9D120D8A63000CE053B /* CDBespeakTableViewCell.h */ = {isa = PBXFileReference; lastKnownFileType = sourcecode.c.h; path = CDBespeakTableViewCell.h; sourceTree = "<group>"; };
		8425A9D220D8A63000CE053B /* CDBespeakTableViewCell.m */ = {isa = PBXFileReference; lastKnownFileType = sourcecode.c.objc; path = CDBespeakTableViewCell.m; sourceTree = "<group>"; };
		8425A9D420D8D2AA00CE053B /* CDRowCell.h */ = {isa = PBXFileReference; lastKnownFileType = sourcecode.c.h; path = CDRowCell.h; sourceTree = "<group>"; };
		8425A9D520D8D2AA00CE053B /* CDRowCell.m */ = {isa = PBXFileReference; lastKnownFileType = sourcecode.c.objc; path = CDRowCell.m; sourceTree = "<group>"; };
		8425A9D820D8E81900CE053B /* HSDatePickerViewController.h */ = {isa = PBXFileReference; fileEncoding = 4; lastKnownFileType = sourcecode.c.h; path = HSDatePickerViewController.h; sourceTree = "<group>"; };
		8425A9D920D8E81900CE053B /* HSDatePickerViewController.m */ = {isa = PBXFileReference; fileEncoding = 4; lastKnownFileType = sourcecode.c.objc; path = HSDatePickerViewController.m; sourceTree = "<group>"; };
		8425A9DA20D8E81900CE053B /* HSDatePickerViewController.xib */ = {isa = PBXFileReference; fileEncoding = 4; lastKnownFileType = file.xib; path = HSDatePickerViewController.xib; sourceTree = "<group>"; };
		8425A9DD20D8F2B600CE053B /* CDPoleSettingCth.h */ = {isa = PBXFileReference; lastKnownFileType = sourcecode.c.h; path = CDPoleSettingCth.h; sourceTree = "<group>"; };
		8425A9DE20D8F2B600CE053B /* CDPoleSettingCth.m */ = {isa = PBXFileReference; lastKnownFileType = sourcecode.c.objc; path = CDPoleSettingCth.m; sourceTree = "<group>"; };
		8426928A20C635FA0060B9D4 /* CDDetailViewController.h */ = {isa = PBXFileReference; lastKnownFileType = sourcecode.c.h; path = CDDetailViewController.h; sourceTree = "<group>"; };
		8426928B20C635FA0060B9D4 /* CDDetailViewController.m */ = {isa = PBXFileReference; lastKnownFileType = sourcecode.c.objc; path = CDDetailViewController.m; sourceTree = "<group>"; };
		8426928D20C674590060B9D4 /* CDchargeCell.h */ = {isa = PBXFileReference; lastKnownFileType = sourcecode.c.h; path = CDchargeCell.h; sourceTree = "<group>"; };
		8426928E20C674590060B9D4 /* CDchargeCell.m */ = {isa = PBXFileReference; lastKnownFileType = sourcecode.c.objc; path = CDchargeCell.m; sourceTree = "<group>"; };
		8426929020C680F10060B9D4 /* CDCellModel.h */ = {isa = PBXFileReference; lastKnownFileType = sourcecode.c.h; path = CDCellModel.h; sourceTree = "<group>"; };
		8426929120C680F10060B9D4 /* CDCellModel.m */ = {isa = PBXFileReference; lastKnownFileType = sourcecode.c.objc; path = CDCellModel.m; sourceTree = "<group>"; };
		8426929320C7C5080060B9D4 /* CDBgVIew.h */ = {isa = PBXFileReference; lastKnownFileType = sourcecode.c.h; path = CDBgVIew.h; sourceTree = "<group>"; };
		8426929420C7C5080060B9D4 /* CDBgVIew.m */ = {isa = PBXFileReference; lastKnownFileType = sourcecode.c.objc; path = CDBgVIew.m; sourceTree = "<group>"; };
		8426929620C9061E0060B9D4 /* UIImage+CDResize.h */ = {isa = PBXFileReference; lastKnownFileType = sourcecode.c.h; path = "UIImage+CDResize.h"; sourceTree = "<group>"; };
		8426929720C9061E0060B9D4 /* UIImage+CDResize.m */ = {isa = PBXFileReference; lastKnownFileType = sourcecode.c.objc; path = "UIImage+CDResize.m"; sourceTree = "<group>"; };
		842D071920AEB822009B7A4A /* Images.xcassets */ = {isa = PBXFileReference; lastKnownFileType = folder.assetcatalog; path = Images.xcassets; sourceTree = "<group>"; };
		84302B1A20996AB600D29C8B /* CDCodeViewController.h */ = {isa = PBXFileReference; lastKnownFileType = sourcecode.c.h; path = CDCodeViewController.h; sourceTree = "<group>"; };
		84302B1B20996AB600D29C8B /* CDCodeViewController.m */ = {isa = PBXFileReference; lastKnownFileType = sourcecode.c.objc; path = CDCodeViewController.m; sourceTree = "<group>"; };
		843146EB1EE109FD00E41BBD /* CDYL.app */ = {isa = PBXFileReference; explicitFileType = wrapper.application; includeInIndex = 0; path = CDYL.app; sourceTree = BUILT_PRODUCTS_DIR; };
		843146FA1EE109FE00E41BBD /* Assets.xcassets */ = {isa = PBXFileReference; lastKnownFileType = folder.assetcatalog; path = Assets.xcassets; sourceTree = "<group>"; };
		843146FD1EE109FE00E41BBD /* Base */ = {isa = PBXFileReference; lastKnownFileType = file.storyboard; name = Base; path = Base.lproj/LaunchScreen.storyboard; sourceTree = "<group>"; };
		843146FF1EE109FE00E41BBD /* Info.plist */ = {isa = PBXFileReference; lastKnownFileType = text.plist.xml; path = Info.plist; sourceTree = "<group>"; };
		843147251EE111FD00E41BBD /* CDNav.h */ = {isa = PBXFileReference; fileEncoding = 4; lastKnownFileType = sourcecode.c.h; path = CDNav.h; sourceTree = "<group>"; };
		843147261EE111FD00E41BBD /* CDNav.m */ = {isa = PBXFileReference; fileEncoding = 4; lastKnownFileType = sourcecode.c.objc; path = CDNav.m; sourceTree = "<group>"; };
		843147281EE1123500E41BBD /* CDTabbarCtl.h */ = {isa = PBXFileReference; fileEncoding = 4; lastKnownFileType = sourcecode.c.h; path = CDTabbarCtl.h; sourceTree = "<group>"; };
		843147291EE1123500E41BBD /* CDTabbarCtl.m */ = {isa = PBXFileReference; fileEncoding = 4; lastKnownFileType = sourcecode.c.objc; path = CDTabbarCtl.m; sourceTree = "<group>"; };
		8431472B1EE1160200E41BBD /* CDMapViewController.h */ = {isa = PBXFileReference; fileEncoding = 4; lastKnownFileType = sourcecode.c.h; path = CDMapViewController.h; sourceTree = "<group>"; };
		8431472C1EE1160200E41BBD /* CDMapViewController.m */ = {isa = PBXFileReference; fileEncoding = 4; lastKnownFileType = sourcecode.c.objc; path = CDMapViewController.m; sourceTree = "<group>"; };
		8431472E1EE1162A00E41BBD /* CDoderViewController.h */ = {isa = PBXFileReference; fileEncoding = 4; lastKnownFileType = sourcecode.c.h; path = CDoderViewController.h; sourceTree = "<group>"; };
		8431472F1EE1162A00E41BBD /* CDoderViewController.m */ = {isa = PBXFileReference; fileEncoding = 4; lastKnownFileType = sourcecode.c.objc; path = CDoderViewController.m; sourceTree = "<group>"; };
		843147311EE1165D00E41BBD /* CDchargeViewController.h */ = {isa = PBXFileReference; fileEncoding = 4; lastKnownFileType = sourcecode.c.h; path = CDchargeViewController.h; sourceTree = "<group>"; };
		843147321EE1165D00E41BBD /* CDchargeViewController.m */ = {isa = PBXFileReference; fileEncoding = 4; lastKnownFileType = sourcecode.c.objc; path = CDchargeViewController.m; sourceTree = "<group>"; };
		843147341EE1167500E41BBD /* CDscanViewController.h */ = {isa = PBXFileReference; fileEncoding = 4; lastKnownFileType = sourcecode.c.h; path = CDscanViewController.h; sourceTree = "<group>"; };
		843147351EE1167500E41BBD /* CDscanViewController.m */ = {isa = PBXFileReference; fileEncoding = 4; lastKnownFileType = sourcecode.c.objc; path = CDscanViewController.m; sourceTree = "<group>"; };
		8431473E1EE1178700E41BBD /* CDTabbar.h */ = {isa = PBXFileReference; fileEncoding = 4; lastKnownFileType = sourcecode.c.h; path = CDTabbar.h; sourceTree = "<group>"; };
		8431473F1EE1178700E41BBD /* CDTabbar.m */ = {isa = PBXFileReference; fileEncoding = 4; lastKnownFileType = sourcecode.c.objc; path = CDTabbar.m; sourceTree = "<group>"; };
		844BDB6D20BBE8D30025DED0 /* CDOneCardCth.h */ = {isa = PBXFileReference; lastKnownFileType = sourcecode.c.h; path = CDOneCardCth.h; sourceTree = "<group>"; };
		844BDB6E20BBE8D30025DED0 /* CDOneCardCth.m */ = {isa = PBXFileReference; lastKnownFileType = sourcecode.c.objc; path = CDOneCardCth.m; sourceTree = "<group>"; };
		844BDB7020BBF0690025DED0 /* CDcell.h */ = {isa = PBXFileReference; lastKnownFileType = sourcecode.c.h; path = CDcell.h; sourceTree = "<group>"; };
		844BDB7120BBF0690025DED0 /* CDcell.m */ = {isa = PBXFileReference; lastKnownFileType = sourcecode.c.objc; path = CDcell.m; sourceTree = "<group>"; };
		84600B7520D1032C00E73D64 /* CDMessage.h */ = {isa = PBXFileReference; lastKnownFileType = sourcecode.c.h; path = CDMessage.h; sourceTree = "<group>"; };
		84600B7620D1032C00E73D64 /* CDMessage.m */ = {isa = PBXFileReference; lastKnownFileType = sourcecode.c.objc; path = CDMessage.m; sourceTree = "<group>"; };
		84600B7820D1057700E73D64 /* UserMessage.h */ = {isa = PBXFileReference; lastKnownFileType = sourcecode.c.h; path = UserMessage.h; sourceTree = "<group>"; };
		84600B7920D1057700E73D64 /* UserMessage.m */ = {isa = PBXFileReference; lastKnownFileType = sourcecode.c.objc; path = UserMessage.m; sourceTree = "<group>"; };
		84600B7B20D2270500E73D64 /* CDMessageCth.h */ = {isa = PBXFileReference; lastKnownFileType = sourcecode.c.h; path = CDMessageCth.h; sourceTree = "<group>"; };
		84600B7C20D2270500E73D64 /* CDMessageCth.m */ = {isa = PBXFileReference; lastKnownFileType = sourcecode.c.objc; path = CDMessageCth.m; sourceTree = "<group>"; };
		84600B7E20D256B200E73D64 /* MsgCellFrame.h */ = {isa = PBXFileReference; lastKnownFileType = sourcecode.c.h; path = MsgCellFrame.h; sourceTree = "<group>"; };
		84600B7F20D256B200E73D64 /* MsgCellFrame.m */ = {isa = PBXFileReference; lastKnownFileType = sourcecode.c.objc; path = MsgCellFrame.m; sourceTree = "<group>"; };
		847E46A820A92EC400675762 /* CDPoleViewController.h */ = {isa = PBXFileReference; lastKnownFileType = sourcecode.c.h; path = CDPoleViewController.h; sourceTree = "<group>"; };
		847E46A920A92EC400675762 /* CDPoleViewController.m */ = {isa = PBXFileReference; lastKnownFileType = sourcecode.c.objc; path = CDPoleViewController.m; sourceTree = "<group>"; };
		847E46AB20A9353800675762 /* CDPoleCell.h */ = {isa = PBXFileReference; lastKnownFileType = sourcecode.c.h; path = CDPoleCell.h; sourceTree = "<group>"; };
		847E46AC20A9353800675762 /* CDPoleCell.m */ = {isa = PBXFileReference; lastKnownFileType = sourcecode.c.objc; path = CDPoleCell.m; sourceTree = "<group>"; };
		8480BE8820AA71FC00A992EF /* GPSNaviViewController.h */ = {isa = PBXFileReference; fileEncoding = 4; lastKnownFileType = sourcecode.c.h; path = GPSNaviViewController.h; sourceTree = "<group>"; };
		8480BE8920AA71FC00A992EF /* GPSNaviViewController.m */ = {isa = PBXFileReference; fileEncoding = 4; lastKnownFileType = sourcecode.c.objc; path = GPSNaviViewController.m; sourceTree = "<group>"; };
		8480BE8B20AA72BE00A992EF /* SpeechSynthesizer.m */ = {isa = PBXFileReference; fileEncoding = 4; lastKnownFileType = sourcecode.c.objc; path = SpeechSynthesizer.m; sourceTree = "<group>"; };
		8480BE8C20AA72BE00A992EF /* SpeechSynthesizer.h */ = {isa = PBXFileReference; fileEncoding = 4; lastKnownFileType = sourcecode.c.h; path = SpeechSynthesizer.h; sourceTree = "<group>"; };
		8480BE9320ABFE1200A992EF /* LSXView.xib */ = {isa = PBXFileReference; fileEncoding = 4; lastKnownFileType = file.xib; path = LSXView.xib; sourceTree = "<group>"; };
		8480BE9420ABFE1300A992EF /* LSXView.m */ = {isa = PBXFileReference; fileEncoding = 4; lastKnownFileType = sourcecode.c.objc; path = LSXView.m; sourceTree = "<group>"; };
		8480BE9520ABFE1300A992EF /* LSXView.h */ = {isa = PBXFileReference; fileEncoding = 4; lastKnownFileType = sourcecode.c.h; path = LSXView.h; sourceTree = "<group>"; };
		8480BE9820ABFEE600A992EF /* CDCompanyShow.h */ = {isa = PBXFileReference; lastKnownFileType = sourcecode.c.h; path = CDCompanyShow.h; sourceTree = "<group>"; };
		8480BE9920ABFEE600A992EF /* CDCompanyShow.m */ = {isa = PBXFileReference; lastKnownFileType = sourcecode.c.objc; path = CDCompanyShow.m; sourceTree = "<group>"; };
		8481522120CE68EA003264A1 /* CDConsumeCth.h */ = {isa = PBXFileReference; lastKnownFileType = sourcecode.c.h; path = CDConsumeCth.h; sourceTree = "<group>"; };
		8481522220CE68EA003264A1 /* CDConsumeCth.m */ = {isa = PBXFileReference; lastKnownFileType = sourcecode.c.objc; path = CDConsumeCth.m; sourceTree = "<group>"; };
		848B6AFF2079BBE800ED46E3 /* README.md */ = {isa = PBXFileReference; fileEncoding = 4; lastKnownFileType = net.daringfireball.markdown; path = README.md; sourceTree = "<group>"; };
		848B6B002079BBE800ED46E3 /* XMLReader.h */ = {isa = PBXFileReference; fileEncoding = 4; lastKnownFileType = sourcecode.c.h; path = XMLReader.h; sourceTree = "<group>"; };
		848B6B012079BBE800ED46E3 /* XMLReader.m */ = {isa = PBXFileReference; fileEncoding = 4; lastKnownFileType = sourcecode.c.objc; path = XMLReader.m; sourceTree = "<group>"; };
		848B6B052079BC3A00ED46E3 /* UIView+PYExtension.h */ = {isa = PBXFileReference; fileEncoding = 4; lastKnownFileType = sourcecode.c.h; path = "UIView+PYExtension.h"; sourceTree = "<group>"; };
		848B6B062079BC3A00ED46E3 /* UIView+PYExtension.m */ = {isa = PBXFileReference; fileEncoding = 4; lastKnownFileType = sourcecode.c.objc; path = "UIView+PYExtension.m"; sourceTree = "<group>"; };
		848B6B082079BE1200ED46E3 /* CDXML.h */ = {isa = PBXFileReference; lastKnownFileType = sourcecode.c.h; path = CDXML.h; sourceTree = "<group>"; };
		848B6B092079BE1200ED46E3 /* CDXML.m */ = {isa = PBXFileReference; lastKnownFileType = sourcecode.c.objc; path = CDXML.m; sourceTree = "<group>"; };
		848B6B0B2079ED8B00ED46E3 /* CDStation.h */ = {isa = PBXFileReference; lastKnownFileType = sourcecode.c.h; path = CDStation.h; sourceTree = "<group>"; };
		848B6B0C2079ED8B00ED46E3 /* CDStation.m */ = {isa = PBXFileReference; lastKnownFileType = sourcecode.c.objc; path = CDStation.m; sourceTree = "<group>"; };
		848B6B0E2079F15D00ED46E3 /* CDPoliList.h */ = {isa = PBXFileReference; lastKnownFileType = sourcecode.c.h; path = CDPoliList.h; sourceTree = "<group>"; };
		848B6B0F2079F15D00ED46E3 /* CDPoliList.m */ = {isa = PBXFileReference; lastKnownFileType = sourcecode.c.objc; path = CDPoliList.m; sourceTree = "<group>"; };
		848B6B11207A123500ED46E3 /* LocationAnnotationView.m */ = {isa = PBXFileReference; fileEncoding = 4; lastKnownFileType = sourcecode.c.objc; path = LocationAnnotationView.m; sourceTree = "<group>"; };
		848B6B12207A123500ED46E3 /* LocationAnnotationView.h */ = {isa = PBXFileReference; fileEncoding = 4; lastKnownFileType = sourcecode.c.h; path = LocationAnnotationView.h; sourceTree = "<group>"; };
		849048E820943ECF00F4FC87 /* CDLoginViewController.h */ = {isa = PBXFileReference; lastKnownFileType = sourcecode.c.h; path = CDLoginViewController.h; sourceTree = "<group>"; };
		849048E920943ECF00F4FC87 /* CDLoginViewController.m */ = {isa = PBXFileReference; lastKnownFileType = sourcecode.c.objc; path = CDLoginViewController.m; sourceTree = "<group>"; };
		849048EE209442AF00F4FC87 /* CDLoginView.m */ = {isa = PBXFileReference; fileEncoding = 4; lastKnownFileType = sourcecode.c.objc; path = CDLoginView.m; sourceTree = "<group>"; };
		849048EF209442AF00F4FC87 /* CDLoginView.h */ = {isa = PBXFileReference; fileEncoding = 4; lastKnownFileType = sourcecode.c.h; path = CDLoginView.h; sourceTree = "<group>"; };
		84A1226120A43E59003AB2F1 /* CDLocationViewController.h */ = {isa = PBXFileReference; lastKnownFileType = sourcecode.c.h; path = CDLocationViewController.h; sourceTree = "<group>"; };
		84A1226220A43E59003AB2F1 /* CDLocationViewController.m */ = {isa = PBXFileReference; lastKnownFileType = sourcecode.c.objc; path = CDLocationViewController.m; sourceTree = "<group>"; };
		84A6BB4D20808D7200131835 /* CDUserInfor.h */ = {isa = PBXFileReference; lastKnownFileType = sourcecode.c.h; path = CDUserInfor.h; sourceTree = "<group>"; };
		84A6BB4E20808D7200131835 /* CDUserInfor.m */ = {isa = PBXFileReference; lastKnownFileType = sourcecode.c.objc; path = CDUserInfor.m; sourceTree = "<group>"; };
		84A7CBE120B4FEBF003E0879 /* CDMineViewController.h */ = {isa = PBXFileReference; lastKnownFileType = sourcecode.c.h; path = CDMineViewController.h; sourceTree = "<group>"; };
		84A7CBE220B4FEBF003E0879 /* CDMineViewController.m */ = {isa = PBXFileReference; lastKnownFileType = sourcecode.c.objc; path = CDMineViewController.m; sourceTree = "<group>"; };
		84A7CBE420B50489003E0879 /* CDHeadView.h */ = {isa = PBXFileReference; lastKnownFileType = sourcecode.c.h; path = CDHeadView.h; sourceTree = "<group>"; };
		84A7CBE520B50489003E0879 /* CDHeadView.m */ = {isa = PBXFileReference; lastKnownFileType = sourcecode.c.objc; path = CDHeadView.m; sourceTree = "<group>"; };
		84A7CBE720B511FF003E0879 /* CDCellView.h */ = {isa = PBXFileReference; lastKnownFileType = sourcecode.c.h; path = CDCellView.h; sourceTree = "<group>"; };
		84A7CBE820B511FF003E0879 /* CDCellView.m */ = {isa = PBXFileReference; lastKnownFileType = sourcecode.c.objc; path = CDCellView.m; sourceTree = "<group>"; };
		84A7CBEA20B5503F003E0879 /* CDUserLocation.h */ = {isa = PBXFileReference; lastKnownFileType = sourcecode.c.h; path = CDUserLocation.h; sourceTree = "<group>"; };
		84A7CBEB20B5503F003E0879 /* CDUserLocation.m */ = {isa = PBXFileReference; lastKnownFileType = sourcecode.c.objc; path = CDUserLocation.m; sourceTree = "<group>"; };
		84ACCB3F20A29DEE0004D514 /* CDReViewController.h */ = {isa = PBXFileReference; lastKnownFileType = sourcecode.c.h; path = CDReViewController.h; sourceTree = "<group>"; };
		84ACCB4020A29DEE0004D514 /* CDReViewController.m */ = {isa = PBXFileReference; lastKnownFileType = sourcecode.c.objc; path = CDReViewController.m; sourceTree = "<group>"; };
		84ADAF7920870AE300555B27 /* CDAppDelegate.h */ = {isa = PBXFileReference; lastKnownFileType = sourcecode.c.h; path = CDAppDelegate.h; sourceTree = "<group>"; };
		84ADAF7A20870AE300555B27 /* CDAppDelegate.m */ = {isa = PBXFileReference; lastKnownFileType = sourcecode.c.objc; path = CDAppDelegate.m; sourceTree = "<group>"; };
		84ADAF7C20870C5B00555B27 /* main.m */ = {isa = PBXFileReference; fileEncoding = 4; lastKnownFileType = sourcecode.c.objc; path = main.m; sourceTree = "<group>"; };
		84B51A4D208EC4FA00333A2A /* CDHeaderController.h */ = {isa = PBXFileReference; lastKnownFileType = sourcecode.c.h; path = CDHeaderController.h; sourceTree = "<group>"; };
		84B51A4E208EC4FA00333A2A /* CDHeaderController.m */ = {isa = PBXFileReference; lastKnownFileType = sourcecode.c.objc; path = CDHeaderController.m; sourceTree = "<group>"; };
		84B51A50208EC6EB00333A2A /* CDBigTwoCell.h */ = {isa = PBXFileReference; lastKnownFileType = sourcecode.c.h; path = CDBigTwoCell.h; sourceTree = "<group>"; };
		84B51A51208EC6EB00333A2A /* CDBigTwoCell.m */ = {isa = PBXFileReference; lastKnownFileType = sourcecode.c.objc; path = CDBigTwoCell.m; sourceTree = "<group>"; };
		84B51A53208EC70F00333A2A /* CDSmallTwoCell.h */ = {isa = PBXFileReference; lastKnownFileType = sourcecode.c.h; path = CDSmallTwoCell.h; sourceTree = "<group>"; };
		84B51A54208EC70F00333A2A /* CDSmallTwoCell.m */ = {isa = PBXFileReference; lastKnownFileType = sourcecode.c.objc; path = CDSmallTwoCell.m; sourceTree = "<group>"; };
		84B51A56208F198100333A2A /* CDHeadimageViewController.h */ = {isa = PBXFileReference; lastKnownFileType = sourcecode.c.h; path = CDHeadimageViewController.h; sourceTree = "<group>"; };
		84B51A57208F198100333A2A /* CDHeadimageViewController.m */ = {isa = PBXFileReference; lastKnownFileType = sourcecode.c.objc; path = CDHeadimageViewController.m; sourceTree = "<group>"; };
		84B51A592090696F00333A2A /* NSFileManager+CDFilePath.h */ = {isa = PBXFileReference; lastKnownFileType = sourcecode.c.h; path = "NSFileManager+CDFilePath.h"; sourceTree = "<group>"; };
		84B51A5A2090696F00333A2A /* NSFileManager+CDFilePath.m */ = {isa = PBXFileReference; lastKnownFileType = sourcecode.c.objc; path = "NSFileManager+CDFilePath.m"; sourceTree = "<group>"; };
		84D3652B20A52A1300E9063E /* CDShowCell.h */ = {isa = PBXFileReference; lastKnownFileType = sourcecode.c.h; path = CDShowCell.h; sourceTree = "<group>"; };
		84D3652C20A52A1300E9063E /* CDShowCell.m */ = {isa = PBXFileReference; lastKnownFileType = sourcecode.c.objc; path = CDShowCell.m; sourceTree = "<group>"; };
		84E429E22074B7A6001AE931 /* Const.h */ = {isa = PBXFileReference; lastKnownFileType = sourcecode.c.h; path = Const.h; sourceTree = "<group>"; };
		84E429E32074B7A6001AE931 /* Const.m */ = {isa = PBXFileReference; lastKnownFileType = sourcecode.c.objc; path = Const.m; sourceTree = "<group>"; };
		84E429E52074CAA0001AE931 /* CDWebRequest.h */ = {isa = PBXFileReference; lastKnownFileType = sourcecode.c.h; path = CDWebRequest.h; sourceTree = "<group>"; };
		84E429E62074CAA0001AE931 /* CDWebRequest.m */ = {isa = PBXFileReference; lastKnownFileType = sourcecode.c.objc; path = CDWebRequest.m; sourceTree = "<group>"; };
		84E429E82074CB6C001AE931 /* CDAFNetLine.h */ = {isa = PBXFileReference; lastKnownFileType = sourcecode.c.h; path = CDAFNetLine.h; sourceTree = "<group>"; };
		84E429E92074CB6C001AE931 /* CDAFNetLine.m */ = {isa = PBXFileReference; lastKnownFileType = sourcecode.c.objc; path = CDAFNetLine.m; sourceTree = "<group>"; };
		84E91DFE20C1387C00F95DDE /* CDClipView.h */ = {isa = PBXFileReference; lastKnownFileType = sourcecode.c.h; path = CDClipView.h; sourceTree = "<group>"; };
		84E91DFF20C1387C00F95DDE /* CDClipView.m */ = {isa = PBXFileReference; lastKnownFileType = sourcecode.c.objc; path = CDClipView.m; sourceTree = "<group>"; };
		84EB00DF20B2744700997781 /* CDMoneyCardController.h */ = {isa = PBXFileReference; lastKnownFileType = sourcecode.c.h; path = CDMoneyCardController.h; sourceTree = "<group>"; };
		84EB00E020B2744700997781 /* CDMoneyCardController.m */ = {isa = PBXFileReference; lastKnownFileType = sourcecode.c.objc; path = CDMoneyCardController.m; sourceTree = "<group>"; };
		84EB00E220B2AC9B00997781 /* CDMoneyCard.h */ = {isa = PBXFileReference; lastKnownFileType = sourcecode.c.h; path = CDMoneyCard.h; sourceTree = "<group>"; };
		84EB00E320B2AC9B00997781 /* CDMoneyCard.m */ = {isa = PBXFileReference; lastKnownFileType = sourcecode.c.objc; path = CDMoneyCard.m; sourceTree = "<group>"; };
		84EB00E520B2ADAC00997781 /* CDMoneyCardInfor.h */ = {isa = PBXFileReference; lastKnownFileType = sourcecode.c.h; path = CDMoneyCardInfor.h; sourceTree = "<group>"; };
		84EB00E620B2ADAC00997781 /* CDMoneyCardInfor.m */ = {isa = PBXFileReference; lastKnownFileType = sourcecode.c.objc; path = CDMoneyCardInfor.m; sourceTree = "<group>"; };
		84F865D520B8037A00E800E1 /* CDBarView.h */ = {isa = PBXFileReference; lastKnownFileType = sourcecode.c.h; path = CDBarView.h; sourceTree = "<group>"; };
		84F865D620B8037A00E800E1 /* CDBarView.m */ = {isa = PBXFileReference; lastKnownFileType = sourcecode.c.objc; path = CDBarView.m; sourceTree = "<group>"; };
		84FC4E46209174640060ED91 /* CDChangeStrController.h */ = {isa = PBXFileReference; lastKnownFileType = sourcecode.c.h; path = CDChangeStrController.h; sourceTree = "<group>"; };
		84FC4E47209174640060ED91 /* CDChangeStrController.m */ = {isa = PBXFileReference; lastKnownFileType = sourcecode.c.objc; path = CDChangeStrController.m; sourceTree = "<group>"; };
		E3B48407BCB546847CE696A5 /* libPods-CDYL.a */ = {isa = PBXFileReference; explicitFileType = archive.ar; includeInIndex = 0; path = "libPods-CDYL.a"; sourceTree = BUILT_PRODUCTS_DIR; };
		E3C4A5C03819BEFAD4658B95 /* Pods-CDYL.debug.xcconfig */ = {isa = PBXFileReference; includeInIndex = 1; lastKnownFileType = text.xcconfig; name = "Pods-CDYL.debug.xcconfig"; path = "Pods/Target Support Files/Pods-CDYL/Pods-CDYL.debug.xcconfig"; sourceTree = "<group>"; };
/* End PBXFileReference section */

/* Begin PBXFrameworksBuildPhase section */
		843146E81EE109FD00E41BBD /* Frameworks */ = {
			isa = PBXFrameworksBuildPhase;
			buildActionMask = 2147483647;
			files = (
				7CD945EAB881FD2288E6FE7F /* libPods-CDYL.a in Frameworks */,
			);
			runOnlyForDeploymentPostprocessing = 0;
		};
/* End PBXFrameworksBuildPhase section */

/* Begin PBXGroup section */
		059B97A63B3CD18C8DE18448 /* Pods */ = {
			isa = PBXGroup;
			children = (
				E3C4A5C03819BEFAD4658B95 /* Pods-CDYL.debug.xcconfig */,
				809684D8F75C0F5EC0ABBAB5 /* Pods-CDYL.release.xcconfig */,
			);
			name = Pods;
			sourceTree = "<group>";
		};
		8425A9D720D8E81900CE053B /* HSDatePickerViewController */ = {
			isa = PBXGroup;
			children = (
				8425A9D820D8E81900CE053B /* HSDatePickerViewController.h */,
				8425A9D920D8E81900CE053B /* HSDatePickerViewController.m */,
				8425A9DA20D8E81900CE053B /* HSDatePickerViewController.xib */,
			);
			path = HSDatePickerViewController;
			sourceTree = "<group>";
		};
		843146E21EE109FD00E41BBD = {
			isa = PBXGroup;
			children = (
				843146ED1EE109FE00E41BBD /* CDYL */,
				843146EC1EE109FD00E41BBD /* Products */,
				059B97A63B3CD18C8DE18448 /* Pods */,
				F8783471C17E86B574110289 /* Frameworks */,
			);
			sourceTree = "<group>";
		};
		843146EC1EE109FD00E41BBD /* Products */ = {
			isa = PBXGroup;
			children = (
				843146EB1EE109FD00E41BBD /* CDYL.app */,
			);
			name = Products;
			sourceTree = "<group>";
		};
		843146ED1EE109FE00E41BBD /* CDYL */ = {
			isa = PBXGroup;
			children = (
				84ADAF7920870AE300555B27 /* CDAppDelegate.h */,
				84ADAF7A20870AE300555B27 /* CDAppDelegate.m */,
				84233AE820736FE5007D1E09 /* PrefixHeader.pch */,
				84E429E22074B7A6001AE931 /* Const.h */,
				84E429E32074B7A6001AE931 /* Const.m */,
				843147051EE10DC600E41BBD /* Main */,
				843147111EE10DC600E41BBD /* Location */,
				843147211EE10E3100E41BBD /* Order */,
				8431470D1EE10DC600E41BBD /* Charge */,
				843147091EE10DC600E41BBD /* Message */,
				843147151EE10DC600E41BBD /* Scan */,
				843147371EE116B600E41BBD /* Common */,
				84A1DC6A2079ADE300CB1D77 /* Login */,
				8480BE8720AA71FC00A992EF /* GPSNavi */,
				843146FA1EE109FE00E41BBD /* Assets.xcassets */,
				843146FC1EE109FE00E41BBD /* LaunchScreen.storyboard */,
				843146FF1EE109FE00E41BBD /* Info.plist */,
				842D071920AEB822009B7A4A /* Images.xcassets */,
				843146EE1EE109FE00E41BBD /* Supporting Files */,
			);
			path = CDYL;
			sourceTree = "<group>";
		};
		843146EE1EE109FE00E41BBD /* Supporting Files */ = {
			isa = PBXGroup;
			children = (
				84ADAF7C20870C5B00555B27 /* main.m */,
				843147411EE12C9500E41BBD /* 3Th */,
			);
			name = "Supporting Files";
			sourceTree = "<group>";
		};
		843147051EE10DC600E41BBD /* Main */ = {
			isa = PBXGroup;
			children = (
				843147061EE10DC600E41BBD /* Controller */,
				843147071EE10DC600E41BBD /* Model */,
				843147081EE10DC600E41BBD /* View */,
			);
			path = Main;
			sourceTree = "<group>";
		};
		843147061EE10DC600E41BBD /* Controller */ = {
			isa = PBXGroup;
			children = (
				843147251EE111FD00E41BBD /* CDNav.h */,
				843147261EE111FD00E41BBD /* CDNav.m */,
				843147281EE1123500E41BBD /* CDTabbarCtl.h */,
				843147291EE1123500E41BBD /* CDTabbarCtl.m */,
				8431473E1EE1178700E41BBD /* CDTabbar.h */,
				8431473F1EE1178700E41BBD /* CDTabbar.m */,
				84233AE420736C01007D1E09 /* CDBaseViewController.h */,
				84233AE520736C01007D1E09 /* CDBaseViewController.m */,
			);
			path = Controller;
			sourceTree = "<group>";
		};
		843147071EE10DC600E41BBD /* Model */ = {
			isa = PBXGroup;
			children = (
				84E429E52074CAA0001AE931 /* CDWebRequest.h */,
				84E429E62074CAA0001AE931 /* CDWebRequest.m */,
				84E429E82074CB6C001AE931 /* CDAFNetLine.h */,
				84E429E92074CB6C001AE931 /* CDAFNetLine.m */,
				8415096F20D38DB6003082DD /* CDBaseSqlite.h */,
				8415097020D38DB6003082DD /* CDBaseSqlite.m */,
				848B6B082079BE1200ED46E3 /* CDXML.h */,
				848B6B092079BE1200ED46E3 /* CDXML.m */,
				848B6B0B2079ED8B00ED46E3 /* CDStation.h */,
				848B6B0C2079ED8B00ED46E3 /* CDStation.m */,
				848B6B0E2079F15D00ED46E3 /* CDPoliList.h */,
				848B6B0F2079F15D00ED46E3 /* CDPoliList.m */,
				84A6BB4D20808D7200131835 /* CDUserInfor.h */,
				84A6BB4E20808D7200131835 /* CDUserInfor.m */,
				84EB00E520B2ADAC00997781 /* CDMoneyCardInfor.h */,
				84EB00E620B2ADAC00997781 /* CDMoneyCardInfor.m */,
				84B51A592090696F00333A2A /* NSFileManager+CDFilePath.h */,
				84B51A5A2090696F00333A2A /* NSFileManager+CDFilePath.m */,
			);
			path = Model;
			sourceTree = "<group>";
		};
		843147081EE10DC600E41BBD /* View */ = {
			isa = PBXGroup;
			children = (
				84228522207DF9730078139F /* Global.h */,
				84228521207DF9720078139F /* Global.m */,
				84228524207DF9C10078139F /* StyleDIY.h */,
				84228525207DF9C10078139F /* StyleDIY.m */,
			);
			path = View;
			sourceTree = "<group>";
		};
		843147091EE10DC600E41BBD /* Message */ = {
			isa = PBXGroup;
			children = (
				8431470A1EE10DC600E41BBD /* Controller */,
				8431470B1EE10DC600E41BBD /* Model */,
				8431470C1EE10DC600E41BBD /* View */,
			);
			path = Message;
			sourceTree = "<group>";
		};
		8431470A1EE10DC600E41BBD /* Controller */ = {
			isa = PBXGroup;
			children = (
				84600B7B20D2270500E73D64 /* CDMessageCth.h */,
				84600B7C20D2270500E73D64 /* CDMessageCth.m */,
			);
			path = Controller;
			sourceTree = "<group>";
		};
		8431470B1EE10DC600E41BBD /* Model */ = {
			isa = PBXGroup;
			children = (
				84600B7E20D256B200E73D64 /* MsgCellFrame.h */,
				84600B7F20D256B200E73D64 /* MsgCellFrame.m */,
				84600B7820D1057700E73D64 /* UserMessage.h */,
				84600B7920D1057700E73D64 /* UserMessage.m */,
				84600B7520D1032C00E73D64 /* CDMessage.h */,
				84600B7620D1032C00E73D64 /* CDMessage.m */,
			);
			path = Model;
			sourceTree = "<group>";
		};
		8431470C1EE10DC600E41BBD /* View */ = {
			isa = PBXGroup;
			children = (
				8415097320D3A15A003082DD /* CDMessageCell.m */,
				8415097220D3A15A003082DD /* CDMessageCell.h */,
			);
			path = View;
			sourceTree = "<group>";
		};
		8431470D1EE10DC600E41BBD /* Charge */ = {
			isa = PBXGroup;
			children = (
				8431470E1EE10DC600E41BBD /* Controller */,
				8431470F1EE10DC600E41BBD /* Model */,
				843147101EE10DC600E41BBD /* View */,
			);
			path = Charge;
			sourceTree = "<group>";
		};
		8431470E1EE10DC600E41BBD /* Controller */ = {
			isa = PBXGroup;
			children = (
				843147311EE1165D00E41BBD /* CDchargeViewController.h */,
				843147321EE1165D00E41BBD /* CDchargeViewController.m */,
			);
			path = Controller;
			sourceTree = "<group>";
		};
		8431470F1EE10DC600E41BBD /* Model */ = {
			isa = PBXGroup;
			children = (
			);
			path = Model;
			sourceTree = "<group>";
		};
		843147101EE10DC600E41BBD /* View */ = {
			isa = PBXGroup;
			children = (
				8425A9D120D8A63000CE053B /* CDBespeakTableViewCell.h */,
				8425A9D220D8A63000CE053B /* CDBespeakTableViewCell.m */,
				8425A9D420D8D2AA00CE053B /* CDRowCell.h */,
				8425A9D520D8D2AA00CE053B /* CDRowCell.m */,
			);
			path = View;
			sourceTree = "<group>";
		};
		843147111EE10DC600E41BBD /* Location */ = {
			isa = PBXGroup;
			children = (
				843147121EE10DC600E41BBD /* Controller */,
				843147131EE10DC600E41BBD /* Model */,
				843147141EE10DC600E41BBD /* View */,
			);
			path = Location;
			sourceTree = "<group>";
		};
		843147121EE10DC600E41BBD /* Controller */ = {
			isa = PBXGroup;
			children = (
				8431472B1EE1160200E41BBD /* CDMapViewController.h */,
				8431472C1EE1160200E41BBD /* CDMapViewController.m */,
				84A1226120A43E59003AB2F1 /* CDLocationViewController.h */,
				84A1226220A43E59003AB2F1 /* CDLocationViewController.m */,
				847E46A820A92EC400675762 /* CDPoleViewController.h */,
				847E46A920A92EC400675762 /* CDPoleViewController.m */,
				8425A9DD20D8F2B600CE053B /* CDPoleSettingCth.h */,
				8425A9DE20D8F2B600CE053B /* CDPoleSettingCth.m */,
				8480BE9820ABFEE600A992EF /* CDCompanyShow.h */,
				8480BE9920ABFEE600A992EF /* CDCompanyShow.m */,
			);
			path = Controller;
			sourceTree = "<group>";
		};
		843147131EE10DC600E41BBD /* Model */ = {
			isa = PBXGroup;
			children = (
				8422850D207B40430078139F /* CDPointAnnotation.h */,
				8422850E207B40430078139F /* CDPointAnnotation.m */,
				84A7CBEA20B5503F003E0879 /* CDUserLocation.h */,
				84A7CBEB20B5503F003E0879 /* CDUserLocation.m */,
			);
			path = Model;
			sourceTree = "<group>";
		};
		843147141EE10DC600E41BBD /* View */ = {
			isa = PBXGroup;
			children = (
				848B6B12207A123500ED46E3 /* LocationAnnotationView.h */,
				848B6B11207A123500ED46E3 /* LocationAnnotationView.m */,
				84228508207B04030078139F /* AliMapViewCustomAnnotationView.h */,
				84228507207B04030078139F /* AliMapViewCustomAnnotationView.m */,
				8422850A207B356C0078139F /* AliMapViewCustomCalloutView.h */,
				8422850B207B356C0078139F /* AliMapViewCustomCalloutView.m */,
				84D3652B20A52A1300E9063E /* CDShowCell.h */,
				84D3652C20A52A1300E9063E /* CDShowCell.m */,
				847E46AB20A9353800675762 /* CDPoleCell.h */,
				847E46AC20A9353800675762 /* CDPoleCell.m */,
				8480BE9520ABFE1300A992EF /* LSXView.h */,
				8480BE9420ABFE1300A992EF /* LSXView.m */,
				8480BE9320ABFE1200A992EF /* LSXView.xib */,
			);
			path = View;
			sourceTree = "<group>";
		};
		843147151EE10DC600E41BBD /* Scan */ = {
			isa = PBXGroup;
			children = (
				843147161EE10DC600E41BBD /* Controller */,
				843147171EE10DC600E41BBD /* Model */,
				843147181EE10DC600E41BBD /* View */,
			);
			path = Scan;
			sourceTree = "<group>";
		};
		843147161EE10DC600E41BBD /* Controller */ = {
			isa = PBXGroup;
			children = (
				843147341EE1167500E41BBD /* CDscanViewController.h */,
				843147351EE1167500E41BBD /* CDscanViewController.m */,
			);
			path = Controller;
			sourceTree = "<group>";
		};
		843147171EE10DC600E41BBD /* Model */ = {
			isa = PBXGroup;
			children = (
			);
			path = Model;
			sourceTree = "<group>";
		};
		843147181EE10DC600E41BBD /* View */ = {
			isa = PBXGroup;
			children = (
				84228516207DEEAE0078139F /* LBXAlertAction.h */,
				84228515207DEEAD0078139F /* LBXAlertAction.m */,
				8422851F207DF0E10078139F /* UIAlertView+LBXAlertAction.h */,
				8422851E207DF0E00078139F /* UIAlertView+LBXAlertAction.m */,
				8422851A207DF08B0078139F /* UIActionSheet+LBXAlertAction.h */,
				84228519207DF08B0078139F /* UIActionSheet+LBXAlertAction.m */,
				84228518207DF08B0078139F /* UIWindow+LBXHierarchy.h */,
				8422851B207DF08C0078139F /* UIWindow+LBXHierarchy.m */,
			);
			path = View;
			sourceTree = "<group>";
		};
		843147211EE10E3100E41BBD /* Order */ = {
			isa = PBXGroup;
			children = (
				843147221EE10E3100E41BBD /* Controller */,
				843147231EE10E3100E41BBD /* Model */,
				843147241EE10E3100E41BBD /* View */,
			);
			path = Order;
			sourceTree = "<group>";
		};
		843147221EE10E3100E41BBD /* Controller */ = {
			isa = PBXGroup;
			children = (
				8431472E1EE1162A00E41BBD /* CDoderViewController.h */,
				8431472F1EE1162A00E41BBD /* CDoderViewController.m */,
				8414D0C920DB7D440017B957 /* CDAppointmentOrderCth.h */,
				8414D0CA20DB7D440017B957 /* CDAppointmentOrderCth.m */,
				8414D0CC20DB7D610017B957 /* CDShowChangeCth.h */,
				8414D0CD20DB7D610017B957 /* CDShowChangeCth.m */,
				8414D0CF20DB7D910017B957 /* CDWaitPayCth.h */,
				8414D0D020DB7D910017B957 /* CDWaitPayCth.m */,
			);
			path = Controller;
			sourceTree = "<group>";
		};
		843147231EE10E3100E41BBD /* Model */ = {
			isa = PBXGroup;
			children = (
			);
			path = Model;
			sourceTree = "<group>";
		};
		843147241EE10E3100E41BBD /* View */ = {
			isa = PBXGroup;
			children = (
				8414D0D220DB85C10017B957 /* CDTopLabel.h */,
				8414D0D320DB85C10017B957 /* CDTopLabel.m */,
			);
			path = View;
			sourceTree = "<group>";
		};
		843147371EE116B600E41BBD /* Common */ = {
			isa = PBXGroup;
			children = (
				843147381EE116B600E41BBD /* Controller */,
				843147391EE116B600E41BBD /* Model */,
				8431473A1EE116B600E41BBD /* View */,
			);
			path = Common;
			sourceTree = "<group>";
		};
		843147381EE116B600E41BBD /* Controller */ = {
			isa = PBXGroup;
			children = (
				84A7CBE120B4FEBF003E0879 /* CDMineViewController.h */,
				84A7CBE220B4FEBF003E0879 /* CDMineViewController.m */,
				84B51A4D208EC4FA00333A2A /* CDHeaderController.h */,
				84B51A4E208EC4FA00333A2A /* CDHeaderController.m */,
				84B51A56208F198100333A2A /* CDHeadimageViewController.h */,
				84B51A57208F198100333A2A /* CDHeadimageViewController.m */,
				84FC4E46209174640060ED91 /* CDChangeStrController.h */,
				84FC4E47209174640060ED91 /* CDChangeStrController.m */,
				84EB00DF20B2744700997781 /* CDMoneyCardController.h */,
				84EB00E020B2744700997781 /* CDMoneyCardController.m */,
				844BDB6D20BBE8D30025DED0 /* CDOneCardCth.h */,
				844BDB6E20BBE8D30025DED0 /* CDOneCardCth.m */,
				8426928A20C635FA0060B9D4 /* CDDetailViewController.h */,
				8426928B20C635FA0060B9D4 /* CDDetailViewController.m */,
				8481522120CE68EA003264A1 /* CDConsumeCth.h */,
				8481522220CE68EA003264A1 /* CDConsumeCth.m */,
				84018D6A20E07B12005B16BF /* CDRechangeCth.h */,
				84018D6B20E07B12005B16BF /* CDRechangeCth.m */,
			);
			path = Controller;
			sourceTree = "<group>";
		};
		843147391EE116B600E41BBD /* Model */ = {
			isa = PBXGroup;
			children = (
				8426929020C680F10060B9D4 /* CDCellModel.h */,
				8426929120C680F10060B9D4 /* CDCellModel.m */,
			);
			path = Model;
			sourceTree = "<group>";
		};
		8431473A1EE116B600E41BBD /* View */ = {
			isa = PBXGroup;
			children = (
				84B51A50208EC6EB00333A2A /* CDBigTwoCell.h */,
				84B51A51208EC6EB00333A2A /* CDBigTwoCell.m */,
				84B51A53208EC70F00333A2A /* CDSmallTwoCell.h */,
				84B51A54208EC70F00333A2A /* CDSmallTwoCell.m */,
				84EB00E220B2AC9B00997781 /* CDMoneyCard.h */,
				84EB00E320B2AC9B00997781 /* CDMoneyCard.m */,
				84A7CBE420B50489003E0879 /* CDHeadView.h */,
				84A7CBE520B50489003E0879 /* CDHeadView.m */,
				84A7CBE720B511FF003E0879 /* CDCellView.h */,
				84A7CBE820B511FF003E0879 /* CDCellView.m */,
				844BDB7020BBF0690025DED0 /* CDcell.h */,
				844BDB7120BBF0690025DED0 /* CDcell.m */,
				84E91DFE20C1387C00F95DDE /* CDClipView.h */,
				84E91DFF20C1387C00F95DDE /* CDClipView.m */,
				8426929620C9061E0060B9D4 /* UIImage+CDResize.h */,
				8426929720C9061E0060B9D4 /* UIImage+CDResize.m */,
				8426928D20C674590060B9D4 /* CDchargeCell.h */,
				8426928E20C674590060B9D4 /* CDchargeCell.m */,
				8426929320C7C5080060B9D4 /* CDBgVIew.h */,
				8426929420C7C5080060B9D4 /* CDBgVIew.m */,
				8414D0D520DCA5BD0017B957 /* CDOrderView.h */,
				8414D0D620DCA5BD0017B957 /* CDOrderView.m */,
				8414D0D820DCA5DF0017B957 /* CDOrderView.xib */,
				84018D6D20E08764005B16BF /* CDPayCell.h */,
				84018D6E20E08764005B16BF /* CDPayCell.m */,
				84018D7020E0B34E005B16BF /* CDPayView.h */,
				84018D7120E0B34E005B16BF /* CDPayView.m */,
			);
			path = View;
			sourceTree = "<group>";
		};
		843147411EE12C9500E41BBD /* 3Th */ = {
			isa = PBXGroup;
			children = (
				8425A9D720D8E81900CE053B /* HSDatePickerViewController */,
				848B6B042079BC3A00ED46E3 /* Extension */,
				848B6AFE2079BBE800ED46E3 /* XMLReader */,
			);
			path = 3Th;
			sourceTree = "<group>";
		};
		8480BE8720AA71FC00A992EF /* GPSNavi */ = {
			isa = PBXGroup;
			children = (
				8480BE8820AA71FC00A992EF /* GPSNaviViewController.h */,
				8480BE8920AA71FC00A992EF /* GPSNaviViewController.m */,
				8480BE8C20AA72BE00A992EF /* SpeechSynthesizer.h */,
				8480BE8B20AA72BE00A992EF /* SpeechSynthesizer.m */,
			);
			path = GPSNavi;
			sourceTree = "<group>";
		};
		848B6AFE2079BBE800ED46E3 /* XMLReader */ = {
			isa = PBXGroup;
			children = (
				848B6AFF2079BBE800ED46E3 /* README.md */,
				848B6B002079BBE800ED46E3 /* XMLReader.h */,
				848B6B012079BBE800ED46E3 /* XMLReader.m */,
			);
			path = XMLReader;
			sourceTree = "<group>";
		};
		848B6B042079BC3A00ED46E3 /* Extension */ = {
			isa = PBXGroup;
			children = (
				848B6B052079BC3A00ED46E3 /* UIView+PYExtension.h */,
				848B6B062079BC3A00ED46E3 /* UIView+PYExtension.m */,
			);
			path = Extension;
			sourceTree = "<group>";
		};
		84A1DC6A2079ADE300CB1D77 /* Login */ = {
			isa = PBXGroup;
			children = (
				84A1DC6B2079ADE400CB1D77 /* Controller */,
				84A1DC6C2079ADE400CB1D77 /* Model */,
				84A1DC6D2079ADE400CB1D77 /* View */,
			);
			path = Login;
			sourceTree = "<group>";
		};
		84A1DC6B2079ADE400CB1D77 /* Controller */ = {
			isa = PBXGroup;
			children = (
				84228510207C8FC90078139F /* CDViewController.h */,
				84228511207C8FC90078139F /* CDViewController.m */,
				849048E820943ECF00F4FC87 /* CDLoginViewController.h */,
				849048E920943ECF00F4FC87 /* CDLoginViewController.m */,
				84ACCB3F20A29DEE0004D514 /* CDReViewController.h */,
				84ACCB4020A29DEE0004D514 /* CDReViewController.m */,
				84302B1A20996AB600D29C8B /* CDCodeViewController.h */,
				84302B1B20996AB600D29C8B /* CDCodeViewController.m */,
			);
			path = Controller;
			sourceTree = "<group>";
		};
		84A1DC6C2079ADE400CB1D77 /* Model */ = {
			isa = PBXGroup;
			children = (
			);
			path = Model;
			sourceTree = "<group>";
		};
		84A1DC6D2079ADE400CB1D77 /* View */ = {
			isa = PBXGroup;
			children = (
				849048EF209442AF00F4FC87 /* CDLoginView.h */,
				849048EE209442AF00F4FC87 /* CDLoginView.m */,
				84F865D520B8037A00E800E1 /* CDBarView.h */,
				84F865D620B8037A00E800E1 /* CDBarView.m */,
			);
			path = View;
			sourceTree = "<group>";
		};
		F8783471C17E86B574110289 /* Frameworks */ = {
			isa = PBXGroup;
			children = (
				E3B48407BCB546847CE696A5 /* libPods-CDYL.a */,
			);
			name = Frameworks;
			sourceTree = "<group>";
		};
/* End PBXGroup section */

/* Begin PBXNativeTarget section */
		843146EA1EE109FD00E41BBD /* CDYL */ = {
			isa = PBXNativeTarget;
			buildConfigurationList = 843147021EE109FE00E41BBD /* Build configuration list for PBXNativeTarget "CDYL" */;
			buildPhases = (
				62CFEF466FA45D01D506ABEE /* [CP] Check Pods Manifest.lock */,
				843146E81EE109FD00E41BBD /* Frameworks */,
				843146E91EE109FD00E41BBD /* Resources */,
				975B7B7070755ADD9B323547 /* [CP] Copy Pods Resources */,
				84600BCF20D274D100E73D64 /* Sources */,
			);
			buildRules = (
			);
			dependencies = (
			);
			name = CDYL;
			productName = CDYL;
			productReference = 843146EB1EE109FD00E41BBD /* CDYL.app */;
			productType = "com.apple.product-type.application";
		};
/* End PBXNativeTarget section */

/* Begin PBXProject section */
		843146E31EE109FD00E41BBD /* Project object */ = {
			isa = PBXProject;
			attributes = {
				CLASSPREFIX = CD;
				LastUpgradeCheck = 0830;
				ORGANIZATIONNAME = admin;
				TargetAttributes = {
					843146EA1EE109FD00E41BBD = {
						CreatedOnToolsVersion = 8.3.2;
						DevelopmentTeam = 7U4FFK4VVX;
						ProvisioningStyle = Automatic;
						SystemCapabilities = {
							com.apple.BackgroundModes = {
								enabled = 1;
							};
						};
					};
				};
			};
			buildConfigurationList = 843146E61EE109FD00E41BBD /* Build configuration list for PBXProject "CDYL" */;
			compatibilityVersion = "Xcode 3.2";
			developmentRegion = English;
			hasScannedForEncodings = 0;
			knownRegions = (
				en,
				Base,
			);
			mainGroup = 843146E21EE109FD00E41BBD;
			productRefGroup = 843146EC1EE109FD00E41BBD /* Products */;
			projectDirPath = "";
			projectRoot = "";
			targets = (
				843146EA1EE109FD00E41BBD /* CDYL */,
			);
		};
/* End PBXProject section */

/* Begin PBXResourcesBuildPhase section */
		843146E91EE109FD00E41BBD /* Resources */ = {
			isa = PBXResourcesBuildPhase;
			buildActionMask = 2147483647;
			files = (
				848B6B022079BBE800ED46E3 /* README.md in Resources */,
				842D071A20AEB822009B7A4A /* Images.xcassets in Resources */,
				8414D0D920DCA5DF0017B957 /* CDOrderView.xib in Resources */,
				843146FE1EE109FE00E41BBD /* LaunchScreen.storyboard in Resources */,
				8425A9DC20D8E81A00CE053B /* HSDatePickerViewController.xib in Resources */,
				8480BE9620ABFE1300A992EF /* LSXView.xib in Resources */,
				843146FB1EE109FE00E41BBD /* Assets.xcassets in Resources */,
			);
			runOnlyForDeploymentPostprocessing = 0;
		};
/* End PBXResourcesBuildPhase section */

/* Begin PBXShellScriptBuildPhase section */
		62CFEF466FA45D01D506ABEE /* [CP] Check Pods Manifest.lock */ = {
			isa = PBXShellScriptBuildPhase;
			buildActionMask = 2147483647;
			files = (
			);
			inputPaths = (
				"${PODS_PODFILE_DIR_PATH}/Podfile.lock",
				"${PODS_ROOT}/Manifest.lock",
			);
			name = "[CP] Check Pods Manifest.lock";
			outputPaths = (
				"$(DERIVED_FILE_DIR)/Pods-CDYL-checkManifestLockResult.txt",
			);
			runOnlyForDeploymentPostprocessing = 0;
			shellPath = /bin/sh;
			shellScript = "diff \"${PODS_PODFILE_DIR_PATH}/Podfile.lock\" \"${PODS_ROOT}/Manifest.lock\" > /dev/null\nif [ $? != 0 ] ; then\n    # print error to STDERR\n    echo \"error: The sandbox is not in sync with the Podfile.lock. Run 'pod install' or update your CocoaPods installation.\" >&2\n    exit 1\nfi\n# This output is used by Xcode 'outputs' to avoid re-running this script phase.\necho \"SUCCESS\" > \"${SCRIPT_OUTPUT_FILE_0}\"\n";
			showEnvVarsInLog = 0;
		};
		975B7B7070755ADD9B323547 /* [CP] Copy Pods Resources */ = {
			isa = PBXShellScriptBuildPhase;
			buildActionMask = 2147483647;
			files = (
			);
			inputPaths = (
				"${SRCROOT}/Pods/Target Support Files/Pods-CDYL/Pods-CDYL-resources.sh",
				"${PODS_ROOT}/AMap3DMap/MAMapKit.framework/AMap.bundle",
				"${PODS_ROOT}/AMapNavi/AMapNaviKit.framework/AMapNavi.bundle",
				"${PODS_ROOT}/LBXScan/LBXScan/UI/CodeScan.bundle",
				"${PODS_ROOT}/MJRefresh/MJRefresh/MJRefresh.bundle",
				"${PODS_ROOT}/ZBarSDK/iphone/res/zbar-back.png",
				"${PODS_ROOT}/ZBarSDK/iphone/res/zbar-help.html",
				"${PODS_ROOT}/ZBarSDK/iphone/res/zbar-helpicons.png",
				"${PODS_ROOT}/ZBarSDK/iphone/res/zbar-samples.png",
			);
			name = "[CP] Copy Pods Resources";
			outputPaths = (
				"${TARGET_BUILD_DIR}/${UNLOCALIZED_RESOURCES_FOLDER_PATH}/AMap.bundle",
				"${TARGET_BUILD_DIR}/${UNLOCALIZED_RESOURCES_FOLDER_PATH}/AMapNavi.bundle",
				"${TARGET_BUILD_DIR}/${UNLOCALIZED_RESOURCES_FOLDER_PATH}/CodeScan.bundle",
				"${TARGET_BUILD_DIR}/${UNLOCALIZED_RESOURCES_FOLDER_PATH}/MJRefresh.bundle",
				"${TARGET_BUILD_DIR}/${UNLOCALIZED_RESOURCES_FOLDER_PATH}/zbar-back.png",
				"${TARGET_BUILD_DIR}/${UNLOCALIZED_RESOURCES_FOLDER_PATH}/zbar-help.html",
				"${TARGET_BUILD_DIR}/${UNLOCALIZED_RESOURCES_FOLDER_PATH}/zbar-helpicons.png",
				"${TARGET_BUILD_DIR}/${UNLOCALIZED_RESOURCES_FOLDER_PATH}/zbar-samples.png",
			);
			runOnlyForDeploymentPostprocessing = 0;
			shellPath = /bin/sh;
			shellScript = "\"${SRCROOT}/Pods/Target Support Files/Pods-CDYL/Pods-CDYL-resources.sh\"\n";
			showEnvVarsInLog = 0;
		};
/* End PBXShellScriptBuildPhase section */

/* Begin PBXSourcesBuildPhase section */
		84600BCF20D274D100E73D64 /* Sources */ = {
			isa = PBXSourcesBuildPhase;
			buildActionMask = 2147483647;
			files = (
				84600BD020D2758200E73D64 /* CDAppDelegate.m in Sources */,
				84600BD120D2758200E73D64 /* Const.m in Sources */,
				84600BD220D2758200E73D64 /* CDNav.m in Sources */,
				8425A9DF20D8F2B600CE053B /* CDPoleSettingCth.m in Sources */,
				84600BD320D2758200E73D64 /* CDTabbarCtl.m in Sources */,
				84600BD420D2758200E73D64 /* CDTabbar.m in Sources */,
				84600BD520D2758200E73D64 /* CDBaseViewController.m in Sources */,
				84600BD620D2758200E73D64 /* CDWebRequest.m in Sources */,
				84600BD720D2758200E73D64 /* CDAFNetLine.m in Sources */,
				84600BD820D2758200E73D64 /* CDXML.m in Sources */,
				84600BD920D2758200E73D64 /* CDStation.m in Sources */,
				84600BDA20D2758200E73D64 /* CDPoliList.m in Sources */,
				84600BDB20D2758200E73D64 /* CDUserInfor.m in Sources */,
				84600BDD20D2758200E73D64 /* CDMoneyCardInfor.m in Sources */,
				84600BDE20D2758200E73D64 /* NSFileManager+CDFilePath.m in Sources */,
				84600BDF20D2758200E73D64 /* Global.m in Sources */,
				84018D7220E0B34E005B16BF /* CDPayView.m in Sources */,
				84600BE020D2758200E73D64 /* StyleDIY.m in Sources */,
				84600BE120D2758200E73D64 /* CDMapViewController.m in Sources */,
				84600BE220D2758200E73D64 /* CDLocationViewController.m in Sources */,
				84600BE320D2758200E73D64 /* CDPoleViewController.m in Sources */,
				8414D0D120DB7D910017B957 /* CDWaitPayCth.m in Sources */,
				84018D6C20E07B12005B16BF /* CDRechangeCth.m in Sources */,
				84600BE420D2758200E73D64 /* CDCompanyShow.m in Sources */,
				84600BE520D2758200E73D64 /* CDPointAnnotation.m in Sources */,
				84600BE620D2758200E73D64 /* CDUserLocation.m in Sources */,
				84600BE720D2758200E73D64 /* LocationAnnotationView.m in Sources */,
				84600BE820D2758200E73D64 /* AliMapViewCustomAnnotationView.m in Sources */,
				8425A9D320D8A63000CE053B /* CDBespeakTableViewCell.m in Sources */,
				84600BE920D2758200E73D64 /* AliMapViewCustomCalloutView.m in Sources */,
				84600BEA20D2758200E73D64 /* CDShowCell.m in Sources */,
				84600BEB20D2758200E73D64 /* CDPoleCell.m in Sources */,
				84600BEC20D2758200E73D64 /* LSXView.m in Sources */,
				84600BED20D2758200E73D64 /* CDoderViewController.m in Sources */,
				84600BEE20D2758200E73D64 /* CDchargeViewController.m in Sources */,
				84600BEF20D2758200E73D64 /* CDscanViewController.m in Sources */,
				84600BF020D2758200E73D64 /* LBXAlertAction.m in Sources */,
				84600BF120D2758200E73D64 /* UIAlertView+LBXAlertAction.m in Sources */,
				84600BF220D2758200E73D64 /* UIActionSheet+LBXAlertAction.m in Sources */,
				84600BF320D2758200E73D64 /* UIWindow+LBXHierarchy.m in Sources */,
				84600BF420D2758200E73D64 /* CDMineViewController.m in Sources */,
				84600BF520D2758200E73D64 /* CDHeaderController.m in Sources */,
				8414D0CB20DB7D440017B957 /* CDAppointmentOrderCth.m in Sources */,
				84600BF620D2758200E73D64 /* CDHeadimageViewController.m in Sources */,
				84600BF720D2758200E73D64 /* CDChangeStrController.m in Sources */,
				8425A9D620D8D2AA00CE053B /* CDRowCell.m in Sources */,
				84018D6F20E08764005B16BF /* CDPayCell.m in Sources */,
				84600BF820D2758200E73D64 /* CDMoneyCardController.m in Sources */,
				84600BF920D2758200E73D64 /* CDMessageCth.m in Sources */,
				84600BFA20D2758200E73D64 /* CDOneCardCth.m in Sources */,
				84600BFB20D2758200E73D64 /* CDDetailViewController.m in Sources */,
				84600BFC20D2758200E73D64 /* CDConsumeCth.m in Sources */,
				84600BFD20D2758200E73D64 /* CDCellModel.m in Sources */,
				84600BFE20D2758200E73D64 /* MsgCellFrame.m in Sources */,
				84600BFF20D2758200E73D64 /* UserMessage.m in Sources */,
				84600C0020D2758200E73D64 /* CDMessage.m in Sources */,
				84600C0120D2758200E73D64 /* CDBigTwoCell.m in Sources */,
				8414D0D420DB85C10017B957 /* CDTopLabel.m in Sources */,
				84600C0220D2758200E73D64 /* CDSmallTwoCell.m in Sources */,
				84600C0320D2758200E73D64 /* CDMoneyCard.m in Sources */,
				84600C0420D2758200E73D64 /* CDHeadView.m in Sources */,
				84600C0520D2758200E73D64 /* CDCellView.m in Sources */,
				8415097420D3A15A003082DD /* CDMessageCell.m in Sources */,
				84600C0620D2758200E73D64 /* CDcell.m in Sources */,
				84600C0720D2758200E73D64 /* CDClipView.m in Sources */,
				84600C0820D2758200E73D64 /* UIImage+CDResize.m in Sources */,
				84600C0920D2758200E73D64 /* CDchargeCell.m in Sources */,
				84600C0A20D2758200E73D64 /* CDBgVIew.m in Sources */,
				84600C0B20D2758200E73D64 /* CDViewController.m in Sources */,
				8415097120D38DB6003082DD /* CDBaseSqlite.m in Sources */,
				84600C0C20D2758200E73D64 /* CDLoginViewController.m in Sources */,
				84600C0D20D2758200E73D64 /* CDReViewController.m in Sources */,
				84600C0E20D2758200E73D64 /* CDCodeViewController.m in Sources */,
				8414D0D720DCA5BD0017B957 /* CDOrderView.m in Sources */,
				84600C0F20D2758200E73D64 /* CDLoginView.m in Sources */,
				84600C1020D2758200E73D64 /* CDBarView.m in Sources */,
				8414D0CE20DB7D610017B957 /* CDShowChangeCth.m in Sources */,
				84600C1120D2758200E73D64 /* GPSNaviViewController.m in Sources */,
				84600C1220D2758200E73D64 /* SpeechSynthesizer.m in Sources */,
				84600C1320D2758200E73D64 /* main.m in Sources */,
				84600C1420D2758200E73D64 /* UIView+PYExtension.m in Sources */,
				84600C1520D2758200E73D64 /* XMLReader.m in Sources */,
				8425A9DB20D8E81A00CE053B /* HSDatePickerViewController.m in Sources */,
			);
			runOnlyForDeploymentPostprocessing = 0;
		};
/* End PBXSourcesBuildPhase section */

/* Begin PBXVariantGroup section */
		843146FC1EE109FE00E41BBD /* LaunchScreen.storyboard */ = {
			isa = PBXVariantGroup;
			children = (
				843146FD1EE109FE00E41BBD /* Base */,
			);
			name = LaunchScreen.storyboard;
			sourceTree = "<group>";
		};
/* End PBXVariantGroup section */

/* Begin XCBuildConfiguration section */
		843147001EE109FE00E41BBD /* Debug */ = {
			isa = XCBuildConfiguration;
			buildSettings = {
				ALWAYS_SEARCH_USER_PATHS = NO;
				CLANG_ANALYZER_NONNULL = YES;
				CLANG_ANALYZER_NUMBER_OBJECT_CONVERSION = YES_AGGRESSIVE;
				CLANG_CXX_LANGUAGE_STANDARD = "gnu++0x";
				CLANG_CXX_LIBRARY = "libc++";
				CLANG_ENABLE_MODULES = YES;
				CLANG_ENABLE_OBJC_ARC = YES;
				CLANG_WARN_BOOL_CONVERSION = YES;
				CLANG_WARN_CONSTANT_CONVERSION = YES;
				CLANG_WARN_DIRECT_OBJC_ISA_USAGE = YES_ERROR;
				CLANG_WARN_DOCUMENTATION_COMMENTS = YES;
				CLANG_WARN_EMPTY_BODY = YES;
				CLANG_WARN_ENUM_CONVERSION = YES;
				CLANG_WARN_INFINITE_RECURSION = YES;
				CLANG_WARN_INT_CONVERSION = YES;
				CLANG_WARN_OBJC_ROOT_CLASS = YES_ERROR;
				CLANG_WARN_SUSPICIOUS_MOVE = YES;
				CLANG_WARN_UNREACHABLE_CODE = YES;
				CLANG_WARN__DUPLICATE_METHOD_MATCH = YES;
				"CODE_SIGN_IDENTITY[sdk=iphoneos*]" = "iPhone Developer";
				COPY_PHASE_STRIP = NO;
				DEBUG_INFORMATION_FORMAT = dwarf;
				ENABLE_STRICT_OBJC_MSGSEND = YES;
				ENABLE_TESTABILITY = YES;
				GCC_C_LANGUAGE_STANDARD = gnu99;
				GCC_DYNAMIC_NO_PIC = NO;
				GCC_NO_COMMON_BLOCKS = YES;
				GCC_OPTIMIZATION_LEVEL = 0;
				GCC_PREPROCESSOR_DEFINITIONS = (
					"DEBUG=1",
					"$(inherited)",
				);
				GCC_WARN_64_TO_32_BIT_CONVERSION = YES;
				GCC_WARN_ABOUT_RETURN_TYPE = YES_ERROR;
				GCC_WARN_UNDECLARED_SELECTOR = YES;
				GCC_WARN_UNINITIALIZED_AUTOS = YES_AGGRESSIVE;
				GCC_WARN_UNUSED_FUNCTION = YES;
				GCC_WARN_UNUSED_VARIABLE = YES;
				IPHONEOS_DEPLOYMENT_TARGET = 8.0;
				MTL_ENABLE_DEBUG_INFO = YES;
				ONLY_ACTIVE_ARCH = YES;
				SDKROOT = iphoneos;
			};
			name = Debug;
		};
		843147011EE109FE00E41BBD /* Release */ = {
			isa = XCBuildConfiguration;
			buildSettings = {
				ALWAYS_SEARCH_USER_PATHS = NO;
				CLANG_ANALYZER_NONNULL = YES;
				CLANG_ANALYZER_NUMBER_OBJECT_CONVERSION = YES_AGGRESSIVE;
				CLANG_CXX_LANGUAGE_STANDARD = "gnu++0x";
				CLANG_CXX_LIBRARY = "libc++";
				CLANG_ENABLE_MODULES = YES;
				CLANG_ENABLE_OBJC_ARC = YES;
				CLANG_WARN_BOOL_CONVERSION = YES;
				CLANG_WARN_CONSTANT_CONVERSION = YES;
				CLANG_WARN_DIRECT_OBJC_ISA_USAGE = YES_ERROR;
				CLANG_WARN_DOCUMENTATION_COMMENTS = YES;
				CLANG_WARN_EMPTY_BODY = YES;
				CLANG_WARN_ENUM_CONVERSION = YES;
				CLANG_WARN_INFINITE_RECURSION = YES;
				CLANG_WARN_INT_CONVERSION = YES;
				CLANG_WARN_OBJC_ROOT_CLASS = YES_ERROR;
				CLANG_WARN_SUSPICIOUS_MOVE = YES;
				CLANG_WARN_UNREACHABLE_CODE = YES;
				CLANG_WARN__DUPLICATE_METHOD_MATCH = YES;
				"CODE_SIGN_IDENTITY[sdk=iphoneos*]" = "iPhone Developer";
				COPY_PHASE_STRIP = NO;
				DEBUG_INFORMATION_FORMAT = "dwarf-with-dsym";
				ENABLE_NS_ASSERTIONS = NO;
				ENABLE_STRICT_OBJC_MSGSEND = YES;
				GCC_C_LANGUAGE_STANDARD = gnu99;
				GCC_NO_COMMON_BLOCKS = YES;
				GCC_WARN_64_TO_32_BIT_CONVERSION = YES;
				GCC_WARN_ABOUT_RETURN_TYPE = YES_ERROR;
				GCC_WARN_UNDECLARED_SELECTOR = YES;
				GCC_WARN_UNINITIALIZED_AUTOS = YES_AGGRESSIVE;
				GCC_WARN_UNUSED_FUNCTION = YES;
				GCC_WARN_UNUSED_VARIABLE = YES;
				IPHONEOS_DEPLOYMENT_TARGET = 8.0;
				MTL_ENABLE_DEBUG_INFO = NO;
				SDKROOT = iphoneos;
				VALIDATE_PRODUCT = YES;
			};
			name = Release;
		};
		843147031EE109FE00E41BBD /* Debug */ = {
			isa = XCBuildConfiguration;
			baseConfigurationReference = E3C4A5C03819BEFAD4658B95 /* Pods-CDYL.debug.xcconfig */;
			buildSettings = {
				ASSETCATALOG_COMPILER_APPICON_NAME = AppIcon;
				ASSETCATALOG_COMPILER_LAUNCHIMAGE_NAME = LaunchImage;
				"CODE_SIGN_IDENTITY[sdk=iphoneos*]" = "iPhone Developer";
				CODE_SIGN_STYLE = Automatic;
				DEVELOPMENT_TEAM = 7U4FFK4VVX;
				GCC_PREFIX_HEADER = "$(SRCROOT)/CDYL/PrefixHeader.pch";
				HEADER_SEARCH_PATHS = (
					"$(inherited)",
					"\"${PODS_ROOT}/Headers/Public\"",
					"\"${PODS_ROOT}/Headers/Public/AFNetworking\"",
					"\"${PODS_ROOT}/Headers/Public/AMap3DMap\"",
					"\"${PODS_ROOT}/Headers/Public/AMapFoundation\"",
					"\"${PODS_ROOT}/Headers/Public/AMapLocation\"",
					"\"${PODS_ROOT}/Headers/Public/AMapNavi\"",
					"\"${PODS_ROOT}/Headers/Public/FMDB\"",
					"\"${PODS_ROOT}/Headers/Public/JSONModel\"",
					"\"${PODS_ROOT}/Headers/Public/LBXScan\"",
					"\"${PODS_ROOT}/Headers/Public/MBProgressHUD\"",
					"\"${PODS_ROOT}/Headers/Public/Masonry\"",
					"\"${PODS_ROOT}/Headers/Public/ZBarSDK\"",
					"$(SRCROOT)/**",
				);
				INFOPLIST_FILE = CDYL/Info.plist;
				IPHONEOS_DEPLOYMENT_TARGET = 8.0;
				LD_RUNPATH_SEARCH_PATHS = "$(inherited) @executable_path/Frameworks";
				PRODUCT_BUNDLE_IDENTIFIER = com.cdyl.one;
				PRODUCT_NAME = "$(TARGET_NAME)";
				PROVISIONING_PROFILE = "";
				PROVISIONING_PROFILE_SPECIFIER = "";
			};
			name = Debug;
		};
		843147041EE109FE00E41BBD /* Release */ = {
			isa = XCBuildConfiguration;
			baseConfigurationReference = 809684D8F75C0F5EC0ABBAB5 /* Pods-CDYL.release.xcconfig */;
			buildSettings = {
				ASSETCATALOG_COMPILER_APPICON_NAME = AppIcon;
				ASSETCATALOG_COMPILER_LAUNCHIMAGE_NAME = LaunchImage;
				"CODE_SIGN_IDENTITY[sdk=iphoneos*]" = "iPhone Developer";
				CODE_SIGN_STYLE = Automatic;
				DEVELOPMENT_TEAM = 7U4FFK4VVX;
				GCC_PREFIX_HEADER = "$(SRCROOT)/CDYL/PrefixHeader.pch";
				HEADER_SEARCH_PATHS = (
					"$(inherited)",
					"\"${PODS_ROOT}/Headers/Public\"",
					"\"${PODS_ROOT}/Headers/Public/AFNetworking\"",
					"\"${PODS_ROOT}/Headers/Public/AMap3DMap\"",
					"\"${PODS_ROOT}/Headers/Public/AMapFoundation\"",
					"\"${PODS_ROOT}/Headers/Public/AMapLocation\"",
					"\"${PODS_ROOT}/Headers/Public/AMapNavi\"",
					"\"${PODS_ROOT}/Headers/Public/FMDB\"",
					"\"${PODS_ROOT}/Headers/Public/JSONModel\"",
					"\"${PODS_ROOT}/Headers/Public/LBXScan\"",
					"\"${PODS_ROOT}/Headers/Public/MBProgressHUD\"",
					"\"${PODS_ROOT}/Headers/Public/Masonry\"",
					"\"${PODS_ROOT}/Headers/Public/ZBarSDK\"",
					"$(SRCROOT)/**",
				);
				INFOPLIST_FILE = CDYL/Info.plist;
				IPHONEOS_DEPLOYMENT_TARGET = 8.0;
				LD_RUNPATH_SEARCH_PATHS = "$(inherited) @executable_path/Frameworks";
				PRODUCT_BUNDLE_IDENTIFIER = com.cdyl.one;
				PRODUCT_NAME = "$(TARGET_NAME)";
				PROVISIONING_PROFILE = "";
				PROVISIONING_PROFILE_SPECIFIER = "";
			};
			name = Release;
		};
/* End XCBuildConfiguration section */

/* Begin XCConfigurationList section */
		843146E61EE109FD00E41BBD /* Build configuration list for PBXProject "CDYL" */ = {
			isa = XCConfigurationList;
			buildConfigurations = (
				843147001EE109FE00E41BBD /* Debug */,
				843147011EE109FE00E41BBD /* Release */,
			);
			defaultConfigurationIsVisible = 0;
			defaultConfigurationName = Release;
		};
		843147021EE109FE00E41BBD /* Build configuration list for PBXNativeTarget "CDYL" */ = {
			isa = XCConfigurationList;
			buildConfigurations = (
				843147031EE109FE00E41BBD /* Debug */,
				843147041EE109FE00E41BBD /* Release */,
			);
			defaultConfigurationIsVisible = 0;
			defaultConfigurationName = Release;
		};
/* End XCConfigurationList section */
	};
	rootObject = 843146E31EE109FD00E41BBD /* Project object */;
}
